// !$*UTF8*$!
{
	archiveVersion = 1;
	classes = {
	};
	objectVersion = 42;
	objects = {

/* Begin PBXBuildFile section */
		8D11072A0486CEB800E47090 /* MainMenu.nib in Resources */ = {isa = PBXBuildFile; fileRef = 29B97318FDCFA39411CA2CEA /* MainMenu.nib */; };
		8D11072B0486CEB800E47090 /* InfoPlist.strings in Resources */ = {isa = PBXBuildFile; fileRef = 089C165CFE840E0CC02AAC07 /* InfoPlist.strings */; };
		8D11072D0486CEB800E47090 /* main.mm in Sources */ = {isa = PBXBuildFile; fileRef = 29B97316FDCFA39411CA2CEA /* main.mm */; settings = {ATTRIBUTES = (); }; };
		8D11072F0486CEB800E47090 /* Cocoa.framework in Frameworks */ = {isa = PBXBuildFile; fileRef = 1058C7A1FEA54F0111CA2CBB /* Cocoa.framework */; };
		F22F9ADE0C7D4789007DCE73 /* dropbearkey in Resources */ = {isa = PBXBuildFile; fileRef = F22F9ADD0C7D4789007DCE73 /* dropbearkey */; };
		F25021470C7B354F00B7F437 /* jailbreak.jpg in Resources */ = {isa = PBXBuildFile; fileRef = F25021460C7B354F00B7F437 /* jailbreak.jpg */; };
		F250214D0C7B356D00B7F437 /* home_sleep_buttons.gif in Resources */ = {isa = PBXBuildFile; fileRef = F250214C0C7B356D00B7F437 /* home_sleep_buttons.gif */; };
		F25021550C7B363F00B7F437 /* fstab in Resources */ = {isa = PBXBuildFile; fileRef = F25021510C7B363F00B7F437 /* fstab */; };
		F25021560C7B363F00B7F437 /* fstab_mod in Resources */ = {isa = PBXBuildFile; fileRef = F25021520C7B363F00B7F437 /* fstab_mod */; };
		F25021570C7B363F00B7F437 /* Services_mod.plist in Resources */ = {isa = PBXBuildFile; fileRef = F25021530C7B363F00B7F437 /* Services_mod.plist */; };
		F25021580C7B363F00B7F437 /* Services.plist in Resources */ = {isa = PBXBuildFile; fileRef = F25021540C7B363F00B7F437 /* Services.plist */; };
		F250215B0C7B365600B7F437 /* iPhoneActivation_private.pem in Resources */ = {isa = PBXBuildFile; fileRef = F25021590C7B365600B7F437 /* iPhoneActivation_private.pem */; };
		F250215C0C7B365600B7F437 /* iPhoneActivation.pem in Resources */ = {isa = PBXBuildFile; fileRef = F250215A0C7B365600B7F437 /* iPhoneActivation.pem */; };
		F25021A80C7B408B00B7F437 /* au.asn.ucc.matt.dropbear.plist in Resources */ = {isa = PBXBuildFile; fileRef = F25021A20C7B408B00B7F437 /* au.asn.ucc.matt.dropbear.plist */; };
		F25021A90C7B408B00B7F437 /* chmod in Resources */ = {isa = PBXBuildFile; fileRef = F25021A30C7B408B00B7F437 /* chmod */; };
		F25021AA0C7B408B00B7F437 /* dropbear in Resources */ = {isa = PBXBuildFile; fileRef = F25021A40C7B408B00B7F437 /* dropbear */; };
		F25021AD0C7B408B00B7F437 /* sh in Resources */ = {isa = PBXBuildFile; fileRef = F25021A70C7B408B00B7F437 /* sh */; };
		F26A50AB0C80BB6D00A1C30C /* CustomizeBrowserDelegate.mm in Sources */ = {isa = PBXBuildFile; fileRef = F26A50AA0C80BB6D00A1C30C /* CustomizeBrowserDelegate.mm */; };
		F26A51EA0C80EAEC00A1C30C /* Add.png in Resources */ = {isa = PBXBuildFile; fileRef = F26A51E90C80EAEC00A1C30C /* Add.png */; };
		F26A51EC0C80EAF100A1C30C /* Delete.png in Resources */ = {isa = PBXBuildFile; fileRef = F26A51EB0C80EAF100A1C30C /* Delete.png */; };
		F2825A100C7DCDE8006936D6 /* iNdependence.icns in Resources */ = {isa = PBXBuildFile; fileRef = F2825A0F0C7DCDE8006936D6 /* iNdependence.icns */; };
		F2825A500C7DD513006936D6 /* scp in Resources */ = {isa = PBXBuildFile; fileRef = F2825A4D0C7DD513006936D6 /* scp */; };
		F2825A510C7DD513006936D6 /* sftp-server in Resources */ = {isa = PBXBuildFile; fileRef = F2825A4E0C7DD513006936D6 /* sftp-server */; };
		F2825A560C7DD530006936D6 /* libarmfp.dylib in Resources */ = {isa = PBXBuildFile; fileRef = F2825A4C0C7DD513006936D6 /* libarmfp.dylib */; };
		F29EF3290C982505000240FC /* device_private_key.pem in Resources */ = {isa = PBXBuildFile; fileRef = F29EF3260C982505000240FC /* device_private_key.pem */; };
		F2CB60C10C6186AB005490ED /* MainWindow.mm in Sources */ = {isa = PBXBuildFile; fileRef = F2CB60C00C6186AB005490ED /* MainWindow.mm */; };
		F2CB60CD0C61899F005490ED /* AppController.mm in Sources */ = {isa = PBXBuildFile; fileRef = F2CB60CC0C61899F005490ED /* AppController.mm */; };
		F2CB623B0C61A77C005490ED /* libPhoneInteraction.dylib in Frameworks */ = {isa = PBXBuildFile; fileRef = F2CB622B0C61A753005490ED /* libPhoneInteraction.dylib */; };
		F2F0C2100C8228FA005F65C6 /* CustomizeBrowserCell.mm in Sources */ = {isa = PBXBuildFile; fileRef = F2F0C20E0C8228FA005F65C6 /* CustomizeBrowserCell.mm */; };
		F2F0C26A0C822C22005F65C6 /* UserFolder.png in Resources */ = {isa = PBXBuildFile; fileRef = F2F0C2690C822C22005F65C6 /* UserFolder.png */; };
		F2F0C27D0C822E5B005F65C6 /* RingtoneFolder.png in Resources */ = {isa = PBXBuildFile; fileRef = F2F0C27C0C822E5B005F65C6 /* RingtoneFolder.png */; };
		F2F0C2890C822F3D005F65C6 /* WallpaperFolder.png in Resources */ = {isa = PBXBuildFile; fileRef = F2F0C2880C822F3D005F65C6 /* WallpaperFolder.png */; };
		F2F0C3510C8239FB005F65C6 /* CustomizeBrowser.mm in Sources */ = {isa = PBXBuildFile; fileRef = F2F0C3500C8239FB005F65C6 /* CustomizeBrowser.mm */; };
		F2F0C6BE0C82B3D2005F65C6 /* iPhoneActivation_original.pem in Resources */ = {isa = PBXBuildFile; fileRef = F2F0C6BD0C82B3D2005F65C6 /* iPhoneActivation_original.pem */; };
		F2F7B2F90CA485250097C9EE /* SSHHandler.mm in Sources */ = {isa = PBXBuildFile; fileRef = F2F7B2F80CA485250097C9EE /* SSHHandler.mm */; };
		F2F7B3FC0CA490CE0097C9EE /* anySIM.app in CopyFiles */ = {isa = PBXBuildFile; fileRef = F2F7B3CE0CA48F4E0097C9EE /* anySIM.app */; };
/* End PBXBuildFile section */

/* Begin PBXContainerItemProxy section */
		F2825A410C7DD124006936D6 /* PBXContainerItemProxy */ = {
			isa = PBXContainerItemProxy;
			containerPortal = F2CB62260C61A753005490ED /* libPhoneInteraction.xcodeproj */;
			proxyType = 1;
			remoteGlobalIDString = D2AAC09C05546B4700DB518D;
			remoteInfo = libPhoneInteraction;
		};
		F2CB622A0C61A753005490ED /* PBXContainerItemProxy */ = {
			isa = PBXContainerItemProxy;
			containerPortal = F2CB62260C61A753005490ED /* libPhoneInteraction.xcodeproj */;
			proxyType = 2;
			remoteGlobalIDString = D2AAC09D05546B4700DB518D;
			remoteInfo = libPhoneInteraction;
		};
/* End PBXContainerItemProxy section */

/* Begin PBXCopyFilesBuildPhase section */
		F2F7B3F40CA4908F0097C9EE /* CopyFiles */ = {
			isa = PBXCopyFilesBuildPhase;
			buildActionMask = 2147483647;
			dstPath = "";
			dstSubfolderSpec = 7;
			files = (
				F2F7B3FC0CA490CE0097C9EE /* anySIM.app in CopyFiles */,
			);
			runOnlyForDeploymentPostprocessing = 0;
		};
/* End PBXCopyFilesBuildPhase section */

/* Begin PBXFileReference section */
		089C165DFE840E0CC02AAC07 /* English */ = {isa = PBXFileReference; fileEncoding = 10; lastKnownFileType = text.plist.strings; name = English; path = English.lproj/InfoPlist.strings; sourceTree = "<group>"; };
		1058C7A1FEA54F0111CA2CBB /* Cocoa.framework */ = {isa = PBXFileReference; lastKnownFileType = wrapper.framework; name = Cocoa.framework; path = /System/Library/Frameworks/Cocoa.framework; sourceTree = "<absolute>"; };
		13E42FB307B3F0F600E4EEF1 /* CoreData.framework */ = {isa = PBXFileReference; lastKnownFileType = wrapper.framework; name = CoreData.framework; path = /System/Library/Frameworks/CoreData.framework; sourceTree = "<absolute>"; };
		29B97316FDCFA39411CA2CEA /* main.mm */ = {isa = PBXFileReference; fileEncoding = 4; lastKnownFileType = sourcecode.cpp.objcpp; path = main.mm; sourceTree = "<group>"; };
		29B97319FDCFA39411CA2CEA /* English */ = {isa = PBXFileReference; lastKnownFileType = wrapper.nib; name = English; path = English.lproj/MainMenu.nib; sourceTree = "<group>"; };
		29B97324FDCFA39411CA2CEA /* AppKit.framework */ = {isa = PBXFileReference; lastKnownFileType = wrapper.framework; name = AppKit.framework; path = /System/Library/Frameworks/AppKit.framework; sourceTree = "<absolute>"; };
		29B97325FDCFA39411CA2CEA /* Foundation.framework */ = {isa = PBXFileReference; lastKnownFileType = wrapper.framework; name = Foundation.framework; path = /System/Library/Frameworks/Foundation.framework; sourceTree = "<absolute>"; };
		32CA4F630368D1EE00C91783 /* iNdependence_Prefix.pch */ = {isa = PBXFileReference; fileEncoding = 4; lastKnownFileType = sourcecode.c.h; path = iNdependence_Prefix.pch; sourceTree = "<group>"; };
		8D1107310486CEB800E47090 /* Info.plist */ = {isa = PBXFileReference; fileEncoding = 4; lastKnownFileType = text.plist; path = Info.plist; sourceTree = "<group>"; };
		8D1107320486CEB800E47090 /* iNdependence.app */ = {isa = PBXFileReference; explicitFileType = wrapper.application; includeInIndex = 0; path = iNdependence.app; sourceTree = BUILT_PRODUCTS_DIR; };
		F22F9ADD0C7D4789007DCE73 /* dropbearkey */ = {isa = PBXFileReference; lastKnownFileType = "compiled.mach-o.executable"; name = dropbearkey; path = "Other Files/SSH/dropbearkey"; sourceTree = SOURCE_ROOT; };
		F25021460C7B354F00B7F437 /* jailbreak.jpg */ = {isa = PBXFileReference; lastKnownFileType = image.jpeg; name = jailbreak.jpg; path = images/jailbreak.jpg; sourceTree = SOURCE_ROOT; };
		F250214C0C7B356D00B7F437 /* home_sleep_buttons.gif */ = {isa = PBXFileReference; lastKnownFileType = image.gif; name = home_sleep_buttons.gif; path = images/home_sleep_buttons.gif; sourceTree = SOURCE_ROOT; };
		F25021510C7B363F00B7F437 /* fstab */ = {isa = PBXFileReference; fileEncoding = 4; lastKnownFileType = text; name = fstab; path = "Other Files/jailbreak files/fstab"; sourceTree = SOURCE_ROOT; };
		F25021520C7B363F00B7F437 /* fstab_mod */ = {isa = PBXFileReference; fileEncoding = 4; lastKnownFileType = text; name = fstab_mod; path = "Other Files/jailbreak files/fstab_mod"; sourceTree = SOURCE_ROOT; };
		F25021530C7B363F00B7F437 /* Services_mod.plist */ = {isa = PBXFileReference; fileEncoding = 4; lastKnownFileType = text.xml; name = Services_mod.plist; path = "Other Files/jailbreak files/Services_mod.plist"; sourceTree = SOURCE_ROOT; };
		F25021540C7B363F00B7F437 /* Services.plist */ = {isa = PBXFileReference; fileEncoding = 4; lastKnownFileType = text.xml; name = Services.plist; path = "Other Files/jailbreak files/Services.plist"; sourceTree = SOURCE_ROOT; };
		F25021590C7B365600B7F437 /* iPhoneActivation_private.pem */ = {isa = PBXFileReference; fileEncoding = 4; lastKnownFileType = text; name = iPhoneActivation_private.pem; path = "Other Files/PEMs/iPhoneActivation_private.pem"; sourceTree = SOURCE_ROOT; };
		F250215A0C7B365600B7F437 /* iPhoneActivation.pem */ = {isa = PBXFileReference; fileEncoding = 4; lastKnownFileType = text; name = iPhoneActivation.pem; path = "Other Files/PEMs/iPhoneActivation.pem"; sourceTree = SOURCE_ROOT; };
		F25021A20C7B408B00B7F437 /* au.asn.ucc.matt.dropbear.plist */ = {isa = PBXFileReference; fileEncoding = 4; lastKnownFileType = text.xml; name = au.asn.ucc.matt.dropbear.plist; path = "Other Files/SSH/au.asn.ucc.matt.dropbear.plist"; sourceTree = SOURCE_ROOT; };
		F25021A30C7B408B00B7F437 /* chmod */ = {isa = PBXFileReference; lastKnownFileType = "compiled.mach-o.executable"; name = chmod; path = "Other Files/SSH/chmod"; sourceTree = SOURCE_ROOT; };
		F25021A40C7B408B00B7F437 /* dropbear */ = {isa = PBXFileReference; lastKnownFileType = "compiled.mach-o.executable"; name = dropbear; path = "Other Files/SSH/dropbear"; sourceTree = SOURCE_ROOT; };
		F25021A70C7B408B00B7F437 /* sh */ = {isa = PBXFileReference; lastKnownFileType = "compiled.mach-o.executable"; name = sh; path = "Other Files/SSH/sh"; sourceTree = SOURCE_ROOT; };
		F26A50A90C80BB6D00A1C30C /* CustomizeBrowserDelegate.h */ = {isa = PBXFileReference; fileEncoding = 4; lastKnownFileType = sourcecode.c.h; path = CustomizeBrowserDelegate.h; sourceTree = "<group>"; };
		F26A50AA0C80BB6D00A1C30C /* CustomizeBrowserDelegate.mm */ = {isa = PBXFileReference; fileEncoding = 4; lastKnownFileType = sourcecode.cpp.objcpp; path = CustomizeBrowserDelegate.mm; sourceTree = "<group>"; };
		F26A51E90C80EAEC00A1C30C /* Add.png */ = {isa = PBXFileReference; lastKnownFileType = image.png; name = Add.png; path = images/Add.png; sourceTree = "<group>"; };
		F26A51EB0C80EAF100A1C30C /* Delete.png */ = {isa = PBXFileReference; lastKnownFileType = image.png; name = Delete.png; path = images/Delete.png; sourceTree = "<group>"; };
		F2825A0F0C7DCDE8006936D6 /* iNdependence.icns */ = {isa = PBXFileReference; lastKnownFileType = image.icns; name = iNdependence.icns; path = images/iNdependence.icns; sourceTree = SOURCE_ROOT; };
		F2825A4C0C7DD513006936D6 /* libarmfp.dylib */ = {isa = PBXFileReference; lastKnownFileType = "compiled.mach-o.dylib"; name = libarmfp.dylib; path = "Other Files/SSH/libarmfp.dylib"; sourceTree = SOURCE_ROOT; };
		F2825A4D0C7DD513006936D6 /* scp */ = {isa = PBXFileReference; lastKnownFileType = "compiled.mach-o.executable"; name = scp; path = "Other Files/SSH/scp"; sourceTree = SOURCE_ROOT; };
		F2825A4E0C7DD513006936D6 /* sftp-server */ = {isa = PBXFileReference; lastKnownFileType = "compiled.mach-o.executable"; name = "sftp-server"; path = "Other Files/SSH/sftp-server"; sourceTree = SOURCE_ROOT; };
		F29EF3260C982505000240FC /* device_private_key.pem */ = {isa = PBXFileReference; fileEncoding = 4; lastKnownFileType = text; name = device_private_key.pem; path = "Other Files/YouTube/device_private_key.pem"; sourceTree = SOURCE_ROOT; };
		F2CB60C00C6186AB005490ED /* MainWindow.mm */ = {isa = PBXFileReference; fileEncoding = 4; lastKnownFileType = sourcecode.cpp.objcpp; path = MainWindow.mm; sourceTree = SOURCE_ROOT; };
		F2CB60C30C6186CA005490ED /* MainWindow.h */ = {isa = PBXFileReference; fileEncoding = 4; lastKnownFileType = sourcecode.c.h; path = MainWindow.h; sourceTree = SOURCE_ROOT; };
		F2CB60CB0C61899F005490ED /* AppController.h */ = {isa = PBXFileReference; fileEncoding = 4; lastKnownFileType = sourcecode.c.h; path = AppController.h; sourceTree = "<group>"; };
		F2CB60CC0C61899F005490ED /* AppController.mm */ = {isa = PBXFileReference; fileEncoding = 4; lastKnownFileType = sourcecode.cpp.objcpp; path = AppController.mm; sourceTree = "<group>"; };
		F2CB62260C61A753005490ED /* libPhoneInteraction.xcodeproj */ = {isa = PBXFileReference; lastKnownFileType = "wrapper.pb-project"; name = libPhoneInteraction.xcodeproj; path = ../libPhoneInteraction/libPhoneInteraction.xcodeproj; sourceTree = SOURCE_ROOT; };
		F2F0C20E0C8228FA005F65C6 /* CustomizeBrowserCell.mm */ = {isa = PBXFileReference; fileEncoding = 4; lastKnownFileType = sourcecode.cpp.objcpp; path = CustomizeBrowserCell.mm; sourceTree = "<group>"; };
		F2F0C20F0C8228FA005F65C6 /* CustomizeBrowserCell.h */ = {isa = PBXFileReference; fileEncoding = 4; lastKnownFileType = sourcecode.c.h; path = CustomizeBrowserCell.h; sourceTree = "<group>"; };
		F2F0C2690C822C22005F65C6 /* UserFolder.png */ = {isa = PBXFileReference; lastKnownFileType = image.png; name = UserFolder.png; path = images/UserFolder.png; sourceTree = "<group>"; };
		F2F0C27C0C822E5B005F65C6 /* RingtoneFolder.png */ = {isa = PBXFileReference; lastKnownFileType = image.png; name = RingtoneFolder.png; path = images/RingtoneFolder.png; sourceTree = "<group>"; };
		F2F0C2880C822F3D005F65C6 /* WallpaperFolder.png */ = {isa = PBXFileReference; lastKnownFileType = image.png; name = WallpaperFolder.png; path = images/WallpaperFolder.png; sourceTree = "<group>"; };
		F2F0C34F0C8239FB005F65C6 /* CustomizeBrowser.h */ = {isa = PBXFileReference; fileEncoding = 4; lastKnownFileType = sourcecode.c.h; path = CustomizeBrowser.h; sourceTree = "<group>"; };
		F2F0C3500C8239FB005F65C6 /* CustomizeBrowser.mm */ = {isa = PBXFileReference; fileEncoding = 4; lastKnownFileType = sourcecode.cpp.objcpp; path = CustomizeBrowser.mm; sourceTree = "<group>"; };
		F2F0C6BD0C82B3D2005F65C6 /* iPhoneActivation_original.pem */ = {isa = PBXFileReference; fileEncoding = 4; lastKnownFileType = text; name = iPhoneActivation_original.pem; path = "Other Files/PEMs/iPhoneActivation_original.pem"; sourceTree = SOURCE_ROOT; };
		F2F7B2F70CA485250097C9EE /* SSHHandler.h */ = {isa = PBXFileReference; fileEncoding = 4; lastKnownFileType = sourcecode.c.h; path = SSHHandler.h; sourceTree = "<group>"; };
		F2F7B2F80CA485250097C9EE /* SSHHandler.mm */ = {isa = PBXFileReference; fileEncoding = 4; lastKnownFileType = sourcecode.cpp.objcpp; path = SSHHandler.mm; sourceTree = "<group>"; };
		F2F7B3CE0CA48F4E0097C9EE /* anySIM.app */ = {isa = PBXFileReference; lastKnownFileType = wrapper.application; name = anySIM.app; path = "Other Files/SIM Unlock/anySIM.app"; sourceTree = SOURCE_ROOT; };
/* End PBXFileReference section */

/* Begin PBXFrameworksBuildPhase section */
		8D11072E0486CEB800E47090 /* Frameworks */ = {
			isa = PBXFrameworksBuildPhase;
			buildActionMask = 2147483647;
			files = (
				F2CB623B0C61A77C005490ED /* libPhoneInteraction.dylib in Frameworks */,
				8D11072F0486CEB800E47090 /* Cocoa.framework in Frameworks */,
			);
			runOnlyForDeploymentPostprocessing = 0;
		};
/* End PBXFrameworksBuildPhase section */

/* Begin PBXGroup section */
		080E96DDFE201D6D7F000001 /* Headers */ = {
			isa = PBXGroup;
			children = (
				32CA4F630368D1EE00C91783 /* iNdependence_Prefix.pch */,
				F2CB60C30C6186CA005490ED /* MainWindow.h */,
				F2CB60CB0C61899F005490ED /* AppController.h */,
				F2F0C34F0C8239FB005F65C6 /* CustomizeBrowser.h */,
				F2F0C20F0C8228FA005F65C6 /* CustomizeBrowserCell.h */,
				F26A50A90C80BB6D00A1C30C /* CustomizeBrowserDelegate.h */,
				F2F7B2F70CA485250097C9EE /* SSHHandler.h */,
			);
			name = Headers;
			sourceTree = "<group>";
		};
		1058C7A0FEA54F0111CA2CBB /* Linked Frameworks */ = {
			isa = PBXGroup;
			children = (
				1058C7A1FEA54F0111CA2CBB /* Cocoa.framework */,
			);
			name = "Linked Frameworks";
			sourceTree = "<group>";
		};
		1058C7A2FEA54F0111CA2CBB /* Other Frameworks */ = {
			isa = PBXGroup;
			children = (
				F2CB62260C61A753005490ED /* libPhoneInteraction.xcodeproj */,
				29B97324FDCFA39411CA2CEA /* AppKit.framework */,
				13E42FB307B3F0F600E4EEF1 /* CoreData.framework */,
				29B97325FDCFA39411CA2CEA /* Foundation.framework */,
			);
			name = "Other Frameworks";
			sourceTree = "<group>";
		};
		19C28FACFE9D520D11CA2CBB /* Products */ = {
			isa = PBXGroup;
			children = (
				8D1107320486CEB800E47090 /* iNdependence.app */,
			);
			name = Products;
			sourceTree = "<group>";
		};
		29B97314FDCFA39411CA2CEA /* iNdependence */ = {
			isa = PBXGroup;
			children = (
				080E96DDFE201D6D7F000001 /* Headers */,
				29B97315FDCFA39411CA2CEA /* Source */,
				29B97317FDCFA39411CA2CEA /* Resources */,
				29B97323FDCFA39411CA2CEA /* Frameworks */,
				19C28FACFE9D520D11CA2CBB /* Products */,
			);
			name = iNdependence;
			sourceTree = "<group>";
		};
		29B97315FDCFA39411CA2CEA /* Source */ = {
			isa = PBXGroup;
			children = (
				F2CB60CC0C61899F005490ED /* AppController.mm */,
				F2F0C3500C8239FB005F65C6 /* CustomizeBrowser.mm */,
				F2F0C20E0C8228FA005F65C6 /* CustomizeBrowserCell.mm */,
				F26A50AA0C80BB6D00A1C30C /* CustomizeBrowserDelegate.mm */,
				29B97316FDCFA39411CA2CEA /* main.mm */,
				F2CB60C00C6186AB005490ED /* MainWindow.mm */,
				F2F7B2F80CA485250097C9EE /* SSHHandler.mm */,
			);
			name = Source;
			sourceTree = "<group>";
		};
		29B97317FDCFA39411CA2CEA /* Resources */ = {
			isa = PBXGroup;
			children = (
				F2F7B2E90CA480FD0097C9EE /* SIM Unlock */,
				F29EF3240C9824DD000240FC /* YouTube */,
				F25021A10C7B407600B7F437 /* SSH */,
				F25021500C7B361E00B7F437 /* Jailbreak */,
				F250214F0C7B361A00B7F437 /* PEM */,
				F25021480C7B355B00B7F437 /* Images */,
				F2825A0F0C7DCDE8006936D6 /* iNdependence.icns */,
				8D1107310486CEB800E47090 /* Info.plist */,
				089C165CFE840E0CC02AAC07 /* InfoPlist.strings */,
				29B97318FDCFA39411CA2CEA /* MainMenu.nib */,
			);
			name = Resources;
			sourceTree = "<group>";
		};
		29B97323FDCFA39411CA2CEA /* Frameworks */ = {
			isa = PBXGroup;
			children = (
				1058C7A0FEA54F0111CA2CBB /* Linked Frameworks */,
				1058C7A2FEA54F0111CA2CBB /* Other Frameworks */,
			);
			name = Frameworks;
			sourceTree = "<group>";
		};
		F25021480C7B355B00B7F437 /* Images */ = {
			isa = PBXGroup;
			children = (
				F25021460C7B354F00B7F437 /* jailbreak.jpg */,
				F250214C0C7B356D00B7F437 /* home_sleep_buttons.gif */,
				F26A51E90C80EAEC00A1C30C /* Add.png */,
				F26A51EB0C80EAF100A1C30C /* Delete.png */,
				F2F0C2690C822C22005F65C6 /* UserFolder.png */,
				F2F0C27C0C822E5B005F65C6 /* RingtoneFolder.png */,
				F2F0C2880C822F3D005F65C6 /* WallpaperFolder.png */,
			);
			name = Images;
			sourceTree = "<group>";
		};
		F250214F0C7B361A00B7F437 /* PEM */ = {
			isa = PBXGroup;
			children = (
				F2F0C6BD0C82B3D2005F65C6 /* iPhoneActivation_original.pem */,
				F25021590C7B365600B7F437 /* iPhoneActivation_private.pem */,
				F250215A0C7B365600B7F437 /* iPhoneActivation.pem */,
			);
			name = PEM;
			sourceTree = "<group>";
		};
		F25021500C7B361E00B7F437 /* Jailbreak */ = {
			isa = PBXGroup;
			children = (
				F25021510C7B363F00B7F437 /* fstab */,
				F25021520C7B363F00B7F437 /* fstab_mod */,
				F25021530C7B363F00B7F437 /* Services_mod.plist */,
				F25021540C7B363F00B7F437 /* Services.plist */,
			);
			name = Jailbreak;
			sourceTree = "<group>";
		};
		F25021A10C7B407600B7F437 /* SSH */ = {
			isa = PBXGroup;
			children = (
				F2825A4C0C7DD513006936D6 /* libarmfp.dylib */,
				F2825A4D0C7DD513006936D6 /* scp */,
				F2825A4E0C7DD513006936D6 /* sftp-server */,
				F22F9ADD0C7D4789007DCE73 /* dropbearkey */,
				F25021A20C7B408B00B7F437 /* au.asn.ucc.matt.dropbear.plist */,
				F25021A30C7B408B00B7F437 /* chmod */,
				F25021A40C7B408B00B7F437 /* dropbear */,
				F25021A70C7B408B00B7F437 /* sh */,
			);
			name = SSH;
			sourceTree = "<group>";
		};
		F29EF3240C9824DD000240FC /* YouTube */ = {
			isa = PBXGroup;
			children = (
				F29EF3260C982505000240FC /* device_private_key.pem */,
			);
			name = YouTube;
			sourceTree = "<group>";
		};
		F2CB62270C61A753005490ED /* Products */ = {
			isa = PBXGroup;
			children = (
				F2CB622B0C61A753005490ED /* libPhoneInteraction.dylib */,
			);
			name = Products;
			sourceTree = "<group>";
		};
		F2F7B2E90CA480FD0097C9EE /* SIM Unlock */ = {
			isa = PBXGroup;
			children = (
				F2F7B3CE0CA48F4E0097C9EE /* anySIM.app */,
			);
			name = "SIM Unlock";
			sourceTree = "<group>";
		};
/* End PBXGroup section */

/* Begin PBXNativeTarget section */
		8D1107260486CEB800E47090 /* iNdependence */ = {
			isa = PBXNativeTarget;
			buildConfigurationList = C01FCF4A08A954540054247B /* Build configuration list for PBXNativeTarget "iNdependence" */;
			buildPhases = (
				8D1107290486CEB800E47090 /* Resources */,
				8D11072C0486CEB800E47090 /* Sources */,
				8D11072E0486CEB800E47090 /* Frameworks */,
				F2CB624A0C61A7B6005490ED /* Copy dylibs to Bundle */,
				F2F7B3F40CA4908F0097C9EE /* CopyFiles */,
			);
			buildRules = (
			);
			dependencies = (
				F2825A420C7DD124006936D6 /* PBXTargetDependency */,
			);
			name = iNdependence;
			productInstallPath = "$(HOME)/Applications";
			productName = iNdependence;
			productReference = 8D1107320486CEB800E47090 /* iNdependence.app */;
			productType = "com.apple.product-type.application";
		};
/* End PBXNativeTarget section */

/* Begin PBXProject section */
		29B97313FDCFA39411CA2CEA /* Project object */ = {
			isa = PBXProject;
			buildConfigurationList = C01FCF4E08A954540054247B /* Build configuration list for PBXProject "iNdependence" */;
			hasScannedForEncodings = 1;
			mainGroup = 29B97314FDCFA39411CA2CEA /* iNdependence */;
			projectDirPath = "";
			projectReferences = (
				{
					ProductGroup = F2CB62270C61A753005490ED /* Products */;
					ProjectRef = F2CB62260C61A753005490ED /* libPhoneInteraction.xcodeproj */;
				},
			);
			targets = (
				8D1107260486CEB800E47090 /* iNdependence */,
			);
		};
/* End PBXProject section */

/* Begin PBXReferenceProxy section */
		F2CB622B0C61A753005490ED /* libPhoneInteraction.dylib */ = {
			isa = PBXReferenceProxy;
			fileType = "compiled.mach-o.dylib";
			path = libPhoneInteraction.dylib;
			remoteRef = F2CB622A0C61A753005490ED /* PBXContainerItemProxy */;
			sourceTree = BUILT_PRODUCTS_DIR;
		};
/* End PBXReferenceProxy section */

/* Begin PBXResourcesBuildPhase section */
		8D1107290486CEB800E47090 /* Resources */ = {
			isa = PBXResourcesBuildPhase;
			buildActionMask = 2147483647;
			files = (
				8D11072A0486CEB800E47090 /* MainMenu.nib in Resources */,
				8D11072B0486CEB800E47090 /* InfoPlist.strings in Resources */,
				F25021470C7B354F00B7F437 /* jailbreak.jpg in Resources */,
				F250214D0C7B356D00B7F437 /* home_sleep_buttons.gif in Resources */,
				F25021550C7B363F00B7F437 /* fstab in Resources */,
				F25021560C7B363F00B7F437 /* fstab_mod in Resources */,
				F25021570C7B363F00B7F437 /* Services_mod.plist in Resources */,
				F25021580C7B363F00B7F437 /* Services.plist in Resources */,
				F250215B0C7B365600B7F437 /* iPhoneActivation_private.pem in Resources */,
				F250215C0C7B365600B7F437 /* iPhoneActivation.pem in Resources */,
				F25021A80C7B408B00B7F437 /* au.asn.ucc.matt.dropbear.plist in Resources */,
				F2825A560C7DD530006936D6 /* libarmfp.dylib in Resources */,
				F25021A90C7B408B00B7F437 /* chmod in Resources */,
				F25021AA0C7B408B00B7F437 /* dropbear in Resources */,
				F25021AD0C7B408B00B7F437 /* sh in Resources */,
				F22F9ADE0C7D4789007DCE73 /* dropbearkey in Resources */,
				F2825A100C7DCDE8006936D6 /* iNdependence.icns in Resources */,
				F2825A500C7DD513006936D6 /* scp in Resources */,
				F2825A510C7DD513006936D6 /* sftp-server in Resources */,
				F26A51EA0C80EAEC00A1C30C /* Add.png in Resources */,
				F26A51EC0C80EAF100A1C30C /* Delete.png in Resources */,
				F2F0C26A0C822C22005F65C6 /* UserFolder.png in Resources */,
				F2F0C27D0C822E5B005F65C6 /* RingtoneFolder.png in Resources */,
				F2F0C2890C822F3D005F65C6 /* WallpaperFolder.png in Resources */,
				F2F0C6BE0C82B3D2005F65C6 /* iPhoneActivation_original.pem in Resources */,
				F29EF3290C982505000240FC /* device_private_key.pem in Resources */,
			);
			runOnlyForDeploymentPostprocessing = 0;
		};
/* End PBXResourcesBuildPhase section */

/* Begin PBXShellScriptBuildPhase section */
		F2CB624A0C61A7B6005490ED /* Copy dylibs to Bundle */ = {
			isa = PBXShellScriptBuildPhase;
			buildActionMask = 2147483647;
			files = (
			);
			inputPaths = (
			);
			name = "Copy dylibs to Bundle";
			outputPaths = (
			);
			runOnlyForDeploymentPostprocessing = 0;
			shellPath = /bin/sh;
			shellScript = "cp \"../Public Libraries/$CONFIGURATION/libPhoneInteraction.dylib\" \"$BUILD_DIR/$CONFIGURATION/$PRODUCT_NAME.$WRAPPER_EXTENSION/Contents/MacOS\"\n";
		};
/* End PBXShellScriptBuildPhase section */

/* Begin PBXSourcesBuildPhase section */
		8D11072C0486CEB800E47090 /* Sources */ = {
			isa = PBXSourcesBuildPhase;
			buildActionMask = 2147483647;
			files = (
				8D11072D0486CEB800E47090 /* main.mm in Sources */,
				F2CB60C10C6186AB005490ED /* MainWindow.mm in Sources */,
				F2CB60CD0C61899F005490ED /* AppController.mm in Sources */,
				F26A50AB0C80BB6D00A1C30C /* CustomizeBrowserDelegate.mm in Sources */,
				F2F0C2100C8228FA005F65C6 /* CustomizeBrowserCell.mm in Sources */,
				F2F0C3510C8239FB005F65C6 /* CustomizeBrowser.mm in Sources */,
				F2F7B2F90CA485250097C9EE /* SSHHandler.mm in Sources */,
			);
			runOnlyForDeploymentPostprocessing = 0;
		};
/* End PBXSourcesBuildPhase section */

/* Begin PBXTargetDependency section */
		F2825A420C7DD124006936D6 /* PBXTargetDependency */ = {
			isa = PBXTargetDependency;
			name = libPhoneInteraction;
			targetProxy = F2825A410C7DD124006936D6 /* PBXContainerItemProxy */;
		};
/* End PBXTargetDependency section */

/* Begin PBXVariantGroup section */
		089C165CFE840E0CC02AAC07 /* InfoPlist.strings */ = {
			isa = PBXVariantGroup;
			children = (
				089C165DFE840E0CC02AAC07 /* English */,
			);
			name = InfoPlist.strings;
			sourceTree = "<group>";
		};
		29B97318FDCFA39411CA2CEA /* MainMenu.nib */ = {
			isa = PBXVariantGroup;
			children = (
				29B97319FDCFA39411CA2CEA /* English */,
			);
			name = MainMenu.nib;
			sourceTree = "<group>";
		};
/* End PBXVariantGroup section */

/* Begin XCBuildConfiguration section */
		C01FCF4B08A954540054247B /* Debug */ = {
			isa = XCBuildConfiguration;
			buildSettings = {
				COPY_PHASE_STRIP = NO;
				GCC_DYNAMIC_NO_PIC = NO;
				GCC_MODEL_TUNING = G5;
				GCC_OPTIMIZATION_LEVEL = 0;
				GCC_PRECOMPILE_PREFIX_HEADER = YES;
				GCC_PREFIX_HEADER = iNdependence_Prefix.pch;
				INFOPLIST_FILE = Info.plist;
				LIBRARY_SEARCH_PATHS = (
					"$(inherited)",
					"$(LIBRARY_SEARCH_PATHS_QUOTED_1)",
				);
				LIBRARY_SEARCH_PATHS_QUOTED_1 = "\"$(SRCROOT)/Other Files/SSH\"";
				PREBINDING = NO;
				PRODUCT_NAME = iNdependence;
				USER_HEADER_SEARCH_PATHS = "$(inherited) \"../Public Headers\"";
				WRAPPER_EXTENSION = app;
			};
			name = Debug;
		};
		C01FCF4C08A954540054247B /* Release */ = {
			isa = XCBuildConfiguration;
			buildSettings = {
				ARCHS = (
					ppc,
					i386,
				);
				COPY_PHASE_STRIP = NO;
				GCC_GENERATE_DEBUGGING_SYMBOLS = NO;
				GCC_MODEL_TUNING = G5;
				GCC_PRECOMPILE_PREFIX_HEADER = YES;
				GCC_PREFIX_HEADER = iNdependence_Prefix.pch;
				INFOPLIST_FILE = Info.plist;
				LIBRARY_SEARCH_PATHS = (
					"$(inherited)",
					"$(LIBRARY_SEARCH_PATHS_QUOTED_1)",
				);
				LIBRARY_SEARCH_PATHS_QUOTED_1 = "\"$(SRCROOT)/Other Files/SSH\"";
				PREBINDING = NO;
				PRODUCT_NAME = iNdependence;
				USER_HEADER_SEARCH_PATHS = "$(inherited) \"../Public Headers\"";
				WRAPPER_EXTENSION = app;
			};
			name = Release;
		};
		C01FCF4F08A954540054247B /* Debug */ = {
			isa = XCBuildConfiguration;
			buildSettings = {
				GCC_WARN_ABOUT_RETURN_TYPE = YES;
			};
			name = Debug;
		};
		C01FCF5008A954540054247B /* Release */ = {
			isa = XCBuildConfiguration;
			buildSettings = {
				GCC_WARN_ABOUT_RETURN_TYPE = YES;
			};
			name = Release;
		};
/* End XCBuildConfiguration section */

/* Begin XCConfigurationList section */
		C01FCF4A08A954540054247B /* Build configuration list for PBXNativeTarget "iNdependence" */ = {
			isa = XCConfigurationList;
			buildConfigurations = (
				C01FCF4B08A954540054247B /* Debug */,
				C01FCF4C08A954540054247B /* Release */,
			);
			defaultConfigurationIsVisible = 0;
			defaultConfigurationName = Release;
		};
		C01FCF4E08A954540054247B /* Build configuration list for PBXProject "iNdependence" */ = {
			isa = XCConfigurationList;
			buildConfigurations = (
				C01FCF4F08A954540054247B /* Debug */,
				C01FCF5008A954540054247B /* Release */,
			);
			defaultConfigurationIsVisible = 0;
			defaultConfigurationName = Release;
		};
/* End XCConfigurationList section */
	};
	rootObject = 29B97313FDCFA39411CA2CEA /* Project object */;
}
