// !$*UTF8*$!
{
	archiveVersion = 1;
	classes = {
	};
	objectVersion = 42;
	objects = {

/* Begin PBXBuildFile section */
		F243AE4D0CE3676B00A82889 /* allocate.c in Sources */ = {isa = PBXBuildFile; fileRef = F243AE480CE3676B00A82889 /* allocate.c */; };
		F243AE4E0CE3676B00A82889 /* arch_usage.c in Sources */ = {isa = PBXBuildFile; fileRef = F243AE490CE3676B00A82889 /* arch_usage.c */; };
		F243AE4F0CE3676B00A82889 /* arch.c in Sources */ = {isa = PBXBuildFile; fileRef = F243AE4A0CE3676B00A82889 /* arch.c */; };
		F243AE500CE3676B00A82889 /* best_arch.c in Sources */ = {isa = PBXBuildFile; fileRef = F243AE4B0CE3676B00A82889 /* best_arch.c */; };
		F243AE510CE3676B00A82889 /* breakout.c in Sources */ = {isa = PBXBuildFile; fileRef = F243AE4C0CE3676B00A82889 /* breakout.c */; };
		F243AE730CE3678500A82889 /* checkout.c in Sources */ = {isa = PBXBuildFile; fileRef = F243AE550CE3678500A82889 /* checkout.c */; };
		F243AE740CE3678500A82889 /* crc32.c in Sources */ = {isa = PBXBuildFile; fileRef = F243AE560CE3678500A82889 /* crc32.c */; };
		F243AE750CE3678500A82889 /* dylib_roots.c in Sources */ = {isa = PBXBuildFile; fileRef = F243AE570CE3678500A82889 /* dylib_roots.c */; };
		F243AE760CE3678500A82889 /* dylib_table.c in Sources */ = {isa = PBXBuildFile; fileRef = F243AE580CE3678500A82889 /* dylib_table.c */; };
		F243AE770CE3678500A82889 /* errors.c in Sources */ = {isa = PBXBuildFile; fileRef = F243AE590CE3678500A82889 /* errors.c */; };
		F243AE780CE3678500A82889 /* execute.c in Sources */ = {isa = PBXBuildFile; fileRef = F243AE5A0CE3678500A82889 /* execute.c */; };
		F243AE790CE3678500A82889 /* fatal_arch.c in Sources */ = {isa = PBXBuildFile; fileRef = F243AE5B0CE3678500A82889 /* fatal_arch.c */; };
		F243AE7A0CE3678500A82889 /* fatals.c in Sources */ = {isa = PBXBuildFile; fileRef = F243AE5C0CE3678500A82889 /* fatals.c */; };
		F243AE7B0CE3678500A82889 /* get_arch_from_host.c in Sources */ = {isa = PBXBuildFile; fileRef = F243AE5D0CE3678500A82889 /* get_arch_from_host.c */; };
		F243AE7C0CE3678500A82889 /* get_toc_byte_sex.c in Sources */ = {isa = PBXBuildFile; fileRef = F243AE5E0CE3678500A82889 /* get_toc_byte_sex.c */; };
		F243AE7D0CE3678500A82889 /* guess_short_name.c in Sources */ = {isa = PBXBuildFile; fileRef = F243AE5F0CE3678500A82889 /* guess_short_name.c */; };
		F243AE7E0CE3678500A82889 /* hash_string.c in Sources */ = {isa = PBXBuildFile; fileRef = F243AE600CE3678500A82889 /* hash_string.c */; };
		F243AE7F0CE3678500A82889 /* hppa.c in Sources */ = {isa = PBXBuildFile; fileRef = F243AE610CE3678500A82889 /* hppa.c */; };
		F243AE800CE3678500A82889 /* macosx_deployment_target.c in Sources */ = {isa = PBXBuildFile; fileRef = F243AE620CE3678500A82889 /* macosx_deployment_target.c */; };
		F243AE810CE3678500A82889 /* ofile_error.c in Sources */ = {isa = PBXBuildFile; fileRef = F243AE630CE3678500A82889 /* ofile_error.c */; };
		F243AE820CE3678500A82889 /* ofile_get_word.c in Sources */ = {isa = PBXBuildFile; fileRef = F243AE640CE3678500A82889 /* ofile_get_word.c */; };
		F243AE830CE3678500A82889 /* ofile.c in Sources */ = {isa = PBXBuildFile; fileRef = F243AE650CE3678500A82889 /* ofile.c */; };
		F243AE840CE3678500A82889 /* print.c in Sources */ = {isa = PBXBuildFile; fileRef = F243AE660CE3678500A82889 /* print.c */; };
		F243AE850CE3678500A82889 /* reloc.c in Sources */ = {isa = PBXBuildFile; fileRef = F243AE670CE3678500A82889 /* reloc.c */; };
		F243AE870CE3678500A82889 /* seg_addr_table.c in Sources */ = {isa = PBXBuildFile; fileRef = F243AE690CE3678500A82889 /* seg_addr_table.c */; };
		F243AE880CE3678500A82889 /* set_arch_flag_name.c in Sources */ = {isa = PBXBuildFile; fileRef = F243AE6A0CE3678500A82889 /* set_arch_flag_name.c */; };
		F243AE890CE3678500A82889 /* swap_headers.c in Sources */ = {isa = PBXBuildFile; fileRef = F243AE6B0CE3678500A82889 /* swap_headers.c */; };
		F243AE8A0CE3678500A82889 /* symbol_list.c in Sources */ = {isa = PBXBuildFile; fileRef = F243AE6C0CE3678500A82889 /* symbol_list.c */; };
		F243AE8B0CE3678500A82889 /* SymLoc.c in Sources */ = {isa = PBXBuildFile; fileRef = F243AE6D0CE3678500A82889 /* SymLoc.c */; };
		F243AE8C0CE3678500A82889 /* unix_standard_mode.c in Sources */ = {isa = PBXBuildFile; fileRef = F243AE6E0CE3678500A82889 /* unix_standard_mode.c */; };
		F243AE8D0CE3678500A82889 /* version_number.c in Sources */ = {isa = PBXBuildFile; fileRef = F243AE6F0CE3678500A82889 /* version_number.c */; };
		F243AE8E0CE3678500A82889 /* vm_flush_cache.c in Sources */ = {isa = PBXBuildFile; fileRef = F243AE700CE3678500A82889 /* vm_flush_cache.c */; };
		F243AE8F0CE3678500A82889 /* writeout.c in Sources */ = {isa = PBXBuildFile; fileRef = F243AE710CE3678500A82889 /* writeout.c */; };
		F243AF960CE3773C00A82889 /* bytesex.h in Headers */ = {isa = PBXBuildFile; fileRef = F243AF940CE3773C00A82889 /* bytesex.h */; };
		F243AF970CE3773C00A82889 /* round.h in Headers */ = {isa = PBXBuildFile; fileRef = F243AF950CE3773C00A82889 /* round.h */; };
		F243AF9A0CE3775200A82889 /* bytesex.c in Sources */ = {isa = PBXBuildFile; fileRef = F243AF980CE3775200A82889 /* bytesex.c */; };
		F243AF9B0CE3775200A82889 /* round.c in Sources */ = {isa = PBXBuildFile; fileRef = F243AF990CE3775200A82889 /* round.c */; };
/* End PBXBuildFile section */

/* Begin PBXFileReference section */
		D2AAC046055464E500DB518D /* libstuff.a */ = {isa = PBXFileReference; explicitFileType = archive.ar; includeInIndex = 0; path = libstuff.a; sourceTree = BUILT_PRODUCTS_DIR; };
		F243AE480CE3676B00A82889 /* allocate.c */ = {isa = PBXFileReference; fileEncoding = 4; lastKnownFileType = sourcecode.c.c; path = allocate.c; sourceTree = SOURCE_ROOT; };
		F243AE490CE3676B00A82889 /* arch_usage.c */ = {isa = PBXFileReference; fileEncoding = 4; lastKnownFileType = sourcecode.c.c; path = arch_usage.c; sourceTree = SOURCE_ROOT; };
		F243AE4A0CE3676B00A82889 /* arch.c */ = {isa = PBXFileReference; fileEncoding = 4; lastKnownFileType = sourcecode.c.c; path = arch.c; sourceTree = SOURCE_ROOT; };
		F243AE4B0CE3676B00A82889 /* best_arch.c */ = {isa = PBXFileReference; fileEncoding = 4; lastKnownFileType = sourcecode.c.c; path = best_arch.c; sourceTree = SOURCE_ROOT; };
		F243AE4C0CE3676B00A82889 /* breakout.c */ = {isa = PBXFileReference; fileEncoding = 4; lastKnownFileType = sourcecode.c.c; path = breakout.c; sourceTree = SOURCE_ROOT; };
		F243AE550CE3678500A82889 /* checkout.c */ = {isa = PBXFileReference; fileEncoding = 4; lastKnownFileType = sourcecode.c.c; path = checkout.c; sourceTree = SOURCE_ROOT; };
		F243AE560CE3678500A82889 /* crc32.c */ = {isa = PBXFileReference; fileEncoding = 4; lastKnownFileType = sourcecode.c.c; path = crc32.c; sourceTree = SOURCE_ROOT; };
		F243AE570CE3678500A82889 /* dylib_roots.c */ = {isa = PBXFileReference; fileEncoding = 4; lastKnownFileType = sourcecode.c.c; path = dylib_roots.c; sourceTree = SOURCE_ROOT; };
		F243AE580CE3678500A82889 /* dylib_table.c */ = {isa = PBXFileReference; fileEncoding = 4; lastKnownFileType = sourcecode.c.c; path = dylib_table.c; sourceTree = SOURCE_ROOT; };
		F243AE590CE3678500A82889 /* errors.c */ = {isa = PBXFileReference; fileEncoding = 4; lastKnownFileType = sourcecode.c.c; path = errors.c; sourceTree = SOURCE_ROOT; };
		F243AE5A0CE3678500A82889 /* execute.c */ = {isa = PBXFileReference; fileEncoding = 4; lastKnownFileType = sourcecode.c.c; path = execute.c; sourceTree = SOURCE_ROOT; };
		F243AE5B0CE3678500A82889 /* fatal_arch.c */ = {isa = PBXFileReference; fileEncoding = 4; lastKnownFileType = sourcecode.c.c; path = fatal_arch.c; sourceTree = SOURCE_ROOT; };
		F243AE5C0CE3678500A82889 /* fatals.c */ = {isa = PBXFileReference; fileEncoding = 4; lastKnownFileType = sourcecode.c.c; path = fatals.c; sourceTree = SOURCE_ROOT; };
		F243AE5D0CE3678500A82889 /* get_arch_from_host.c */ = {isa = PBXFileReference; fileEncoding = 4; lastKnownFileType = sourcecode.c.c; path = get_arch_from_host.c; sourceTree = SOURCE_ROOT; };
		F243AE5E0CE3678500A82889 /* get_toc_byte_sex.c */ = {isa = PBXFileReference; fileEncoding = 4; lastKnownFileType = sourcecode.c.c; path = get_toc_byte_sex.c; sourceTree = SOURCE_ROOT; };
		F243AE5F0CE3678500A82889 /* guess_short_name.c */ = {isa = PBXFileReference; fileEncoding = 4; lastKnownFileType = sourcecode.c.c; path = guess_short_name.c; sourceTree = SOURCE_ROOT; };
		F243AE600CE3678500A82889 /* hash_string.c */ = {isa = PBXFileReference; fileEncoding = 4; lastKnownFileType = sourcecode.c.c; path = hash_string.c; sourceTree = SOURCE_ROOT; };
		F243AE610CE3678500A82889 /* hppa.c */ = {isa = PBXFileReference; fileEncoding = 4; lastKnownFileType = sourcecode.c.c; path = hppa.c; sourceTree = SOURCE_ROOT; };
		F243AE620CE3678500A82889 /* macosx_deployment_target.c */ = {isa = PBXFileReference; fileEncoding = 4; lastKnownFileType = sourcecode.c.c; path = macosx_deployment_target.c; sourceTree = SOURCE_ROOT; };
		F243AE630CE3678500A82889 /* ofile_error.c */ = {isa = PBXFileReference; fileEncoding = 4; lastKnownFileType = sourcecode.c.c; path = ofile_error.c; sourceTree = SOURCE_ROOT; };
		F243AE640CE3678500A82889 /* ofile_get_word.c */ = {isa = PBXFileReference; fileEncoding = 4; lastKnownFileType = sourcecode.c.c; path = ofile_get_word.c; sourceTree = SOURCE_ROOT; };
		F243AE650CE3678500A82889 /* ofile.c */ = {isa = PBXFileReference; fileEncoding = 4; lastKnownFileType = sourcecode.c.c; path = ofile.c; sourceTree = SOURCE_ROOT; };
		F243AE660CE3678500A82889 /* print.c */ = {isa = PBXFileReference; fileEncoding = 4; lastKnownFileType = sourcecode.c.c; path = print.c; sourceTree = SOURCE_ROOT; };
		F243AE670CE3678500A82889 /* reloc.c */ = {isa = PBXFileReference; fileEncoding = 4; lastKnownFileType = sourcecode.c.c; path = reloc.c; sourceTree = SOURCE_ROOT; };
		F243AE690CE3678500A82889 /* seg_addr_table.c */ = {isa = PBXFileReference; fileEncoding = 4; lastKnownFileType = sourcecode.c.c; path = seg_addr_table.c; sourceTree = SOURCE_ROOT; };
		F243AE6A0CE3678500A82889 /* set_arch_flag_name.c */ = {isa = PBXFileReference; fileEncoding = 4; lastKnownFileType = sourcecode.c.c; path = set_arch_flag_name.c; sourceTree = SOURCE_ROOT; };
		F243AE6B0CE3678500A82889 /* swap_headers.c */ = {isa = PBXFileReference; fileEncoding = 4; lastKnownFileType = sourcecode.c.c; path = swap_headers.c; sourceTree = SOURCE_ROOT; };
		F243AE6C0CE3678500A82889 /* symbol_list.c */ = {isa = PBXFileReference; fileEncoding = 4; lastKnownFileType = sourcecode.c.c; path = symbol_list.c; sourceTree = SOURCE_ROOT; };
		F243AE6D0CE3678500A82889 /* SymLoc.c */ = {isa = PBXFileReference; fileEncoding = 4; lastKnownFileType = sourcecode.c.c; path = SymLoc.c; sourceTree = SOURCE_ROOT; };
		F243AE6E0CE3678500A82889 /* unix_standard_mode.c */ = {isa = PBXFileReference; fileEncoding = 4; lastKnownFileType = sourcecode.c.c; path = unix_standard_mode.c; sourceTree = SOURCE_ROOT; };
		F243AE6F0CE3678500A82889 /* version_number.c */ = {isa = PBXFileReference; fileEncoding = 4; lastKnownFileType = sourcecode.c.c; path = version_number.c; sourceTree = SOURCE_ROOT; };
		F243AE700CE3678500A82889 /* vm_flush_cache.c */ = {isa = PBXFileReference; fileEncoding = 4; lastKnownFileType = sourcecode.c.c; path = vm_flush_cache.c; sourceTree = SOURCE_ROOT; };
		F243AE710CE3678500A82889 /* writeout.c */ = {isa = PBXFileReference; fileEncoding = 4; lastKnownFileType = sourcecode.c.c; path = writeout.c; sourceTree = SOURCE_ROOT; };
		F243AE910CE367A800A82889 /* allocate.h */ = {isa = PBXFileReference; fileEncoding = 4; lastKnownFileType = sourcecode.c.h; name = allocate.h; path = ../include/stuff/allocate.h; sourceTree = SOURCE_ROOT; };
		F243AE920CE367A800A82889 /* arch.h */ = {isa = PBXFileReference; fileEncoding = 4; lastKnownFileType = sourcecode.c.h; name = arch.h; path = ../include/stuff/arch.h; sourceTree = SOURCE_ROOT; };
		F243AE930CE367A800A82889 /* best_arch.h */ = {isa = PBXFileReference; fileEncoding = 4; lastKnownFileType = sourcecode.c.h; name = best_arch.h; path = ../include/stuff/best_arch.h; sourceTree = SOURCE_ROOT; };
		F243AE940CE367A800A82889 /* bool.h */ = {isa = PBXFileReference; fileEncoding = 4; lastKnownFileType = sourcecode.c.h; name = bool.h; path = ../include/stuff/bool.h; sourceTree = SOURCE_ROOT; };
		F243AE950CE367A800A82889 /* breakout.h */ = {isa = PBXFileReference; fileEncoding = 4; lastKnownFileType = sourcecode.c.h; name = breakout.h; path = ../include/stuff/breakout.h; sourceTree = SOURCE_ROOT; };
		F243AE970CE367A800A82889 /* crc32.h */ = {isa = PBXFileReference; fileEncoding = 4; lastKnownFileType = sourcecode.c.h; name = crc32.h; path = ../include/stuff/crc32.h; sourceTree = SOURCE_ROOT; };
		F243AE980CE367A800A82889 /* dylib_roots.h */ = {isa = PBXFileReference; fileEncoding = 4; lastKnownFileType = sourcecode.c.h; name = dylib_roots.h; path = ../include/stuff/dylib_roots.h; sourceTree = SOURCE_ROOT; };
		F243AE990CE367A800A82889 /* dylib_table.h */ = {isa = PBXFileReference; fileEncoding = 4; lastKnownFileType = sourcecode.c.h; name = dylib_table.h; path = ../include/stuff/dylib_table.h; sourceTree = SOURCE_ROOT; };
		F243AE9A0CE367A800A82889 /* errors.h */ = {isa = PBXFileReference; fileEncoding = 4; lastKnownFileType = sourcecode.c.h; name = errors.h; path = ../include/stuff/errors.h; sourceTree = SOURCE_ROOT; };
		F243AE9B0CE367A800A82889 /* execute.h */ = {isa = PBXFileReference; fileEncoding = 4; lastKnownFileType = sourcecode.c.h; name = execute.h; path = ../include/stuff/execute.h; sourceTree = SOURCE_ROOT; };
		F243AE9C0CE367A800A82889 /* guess_short_name.h */ = {isa = PBXFileReference; fileEncoding = 4; lastKnownFileType = sourcecode.c.h; name = guess_short_name.h; path = ../include/stuff/guess_short_name.h; sourceTree = SOURCE_ROOT; };
		F243AE9D0CE367A800A82889 /* hash_string.h */ = {isa = PBXFileReference; fileEncoding = 4; lastKnownFileType = sourcecode.c.h; name = hash_string.h; path = ../include/stuff/hash_string.h; sourceTree = SOURCE_ROOT; };
		F243AE9E0CE367A800A82889 /* hppa.h */ = {isa = PBXFileReference; fileEncoding = 4; lastKnownFileType = sourcecode.c.h; name = hppa.h; path = ../include/stuff/hppa.h; sourceTree = SOURCE_ROOT; };
		F243AE9F0CE367A800A82889 /* macosx_deployment_target.h */ = {isa = PBXFileReference; fileEncoding = 4; lastKnownFileType = sourcecode.c.h; name = macosx_deployment_target.h; path = ../include/stuff/macosx_deployment_target.h; sourceTree = SOURCE_ROOT; };
		F243AEA00CE367A800A82889 /* ofile.h */ = {isa = PBXFileReference; fileEncoding = 4; lastKnownFileType = sourcecode.c.h; name = ofile.h; path = ../include/stuff/ofile.h; sourceTree = SOURCE_ROOT; };
		F243AEA10CE367A800A82889 /* openstep_mach.h */ = {isa = PBXFileReference; fileEncoding = 4; lastKnownFileType = sourcecode.c.h; name = openstep_mach.h; path = ../include/stuff/openstep_mach.h; sourceTree = SOURCE_ROOT; };
		F243AEA20CE367A800A82889 /* print.h */ = {isa = PBXFileReference; fileEncoding = 4; lastKnownFileType = sourcecode.c.h; name = print.h; path = ../include/stuff/print.h; sourceTree = SOURCE_ROOT; };
		F243AEA30CE367A800A82889 /* reloc.h */ = {isa = PBXFileReference; fileEncoding = 4; lastKnownFileType = sourcecode.c.h; name = reloc.h; path = ../include/stuff/reloc.h; sourceTree = SOURCE_ROOT; };
		F243AEA50CE367A800A82889 /* seg_addr_table.h */ = {isa = PBXFileReference; fileEncoding = 4; lastKnownFileType = sourcecode.c.h; name = seg_addr_table.h; path = ../include/stuff/seg_addr_table.h; sourceTree = SOURCE_ROOT; };
		F243AEA60CE367A800A82889 /* symbol_list.h */ = {isa = PBXFileReference; fileEncoding = 4; lastKnownFileType = sourcecode.c.h; name = symbol_list.h; path = ../include/stuff/symbol_list.h; sourceTree = SOURCE_ROOT; };
		F243AEA70CE367A800A82889 /* symbol.h */ = {isa = PBXFileReference; fileEncoding = 4; lastKnownFileType = sourcecode.c.h; name = symbol.h; path = ../include/stuff/symbol.h; sourceTree = SOURCE_ROOT; };
		F243AEA80CE367A800A82889 /* SymLoc.h */ = {isa = PBXFileReference; fileEncoding = 4; lastKnownFileType = sourcecode.c.h; name = SymLoc.h; path = ../include/stuff/SymLoc.h; sourceTree = SOURCE_ROOT; };
		F243AEA90CE367A800A82889 /* target_arch.h */ = {isa = PBXFileReference; fileEncoding = 4; lastKnownFileType = sourcecode.c.h; name = target_arch.h; path = ../include/stuff/target_arch.h; sourceTree = SOURCE_ROOT; };
		F243AEAA0CE367A800A82889 /* unix_standard_mode.h */ = {isa = PBXFileReference; fileEncoding = 4; lastKnownFileType = sourcecode.c.h; name = unix_standard_mode.h; path = ../include/stuff/unix_standard_mode.h; sourceTree = SOURCE_ROOT; };
		F243AEAB0CE367A800A82889 /* version_number.h */ = {isa = PBXFileReference; fileEncoding = 4; lastKnownFileType = sourcecode.c.h; name = version_number.h; path = ../include/stuff/version_number.h; sourceTree = SOURCE_ROOT; };
		F243AEAC0CE367A800A82889 /* vm_flush_cache.h */ = {isa = PBXFileReference; fileEncoding = 4; lastKnownFileType = sourcecode.c.h; name = vm_flush_cache.h; path = ../include/stuff/vm_flush_cache.h; sourceTree = SOURCE_ROOT; };
		F243AF940CE3773C00A82889 /* bytesex.h */ = {isa = PBXFileReference; fileEncoding = 4; lastKnownFileType = sourcecode.c.h; name = bytesex.h; path = ../include/stuff/bytesex.h; sourceTree = SOURCE_ROOT; };
		F243AF950CE3773C00A82889 /* round.h */ = {isa = PBXFileReference; fileEncoding = 4; lastKnownFileType = sourcecode.c.h; name = round.h; path = ../include/stuff/round.h; sourceTree = SOURCE_ROOT; };
		F243AF980CE3775200A82889 /* bytesex.c */ = {isa = PBXFileReference; fileEncoding = 4; lastKnownFileType = sourcecode.c.c; path = bytesex.c; sourceTree = SOURCE_ROOT; };
		F243AF990CE3775200A82889 /* round.c */ = {isa = PBXFileReference; fileEncoding = 4; lastKnownFileType = sourcecode.c.c; path = round.c; sourceTree = SOURCE_ROOT; };
/* End PBXFileReference section */

/* Begin PBXFrameworksBuildPhase section */
		D289987405E68DCB004EDB86 /* Frameworks */ = {
			isa = PBXFrameworksBuildPhase;
			buildActionMask = 2147483647;
			files = (
			);
			runOnlyForDeploymentPostprocessing = 0;
		};
/* End PBXFrameworksBuildPhase section */

/* Begin PBXGroup section */
		08FB7794FE84155DC02AAC07 /* libstuff */ = {
			isa = PBXGroup;
			children = (
				F243AE900CE3679400A82889 /* Headers */,
				08FB7795FE84155DC02AAC07 /* Source */,
				C6A0FF2B0290797F04C91782 /* Documentation */,
				1AB674ADFE9D54B511CA2CBB /* Products */,
			);
			name = libstuff;
			sourceTree = "<group>";
		};
		08FB7795FE84155DC02AAC07 /* Source */ = {
			isa = PBXGroup;
			children = (
				F243AE480CE3676B00A82889 /* allocate.c */,
				F243AE490CE3676B00A82889 /* arch_usage.c */,
				F243AE4A0CE3676B00A82889 /* arch.c */,
				F243AE4B0CE3676B00A82889 /* best_arch.c */,
				F243AE4C0CE3676B00A82889 /* breakout.c */,
				F243AF980CE3775200A82889 /* bytesex.c */,
				F243AE550CE3678500A82889 /* checkout.c */,
				F243AE560CE3678500A82889 /* crc32.c */,
				F243AE570CE3678500A82889 /* dylib_roots.c */,
				F243AE580CE3678500A82889 /* dylib_table.c */,
				F243AE590CE3678500A82889 /* errors.c */,
				F243AE5A0CE3678500A82889 /* execute.c */,
				F243AE5B0CE3678500A82889 /* fatal_arch.c */,
				F243AE5C0CE3678500A82889 /* fatals.c */,
				F243AE5D0CE3678500A82889 /* get_arch_from_host.c */,
				F243AE5E0CE3678500A82889 /* get_toc_byte_sex.c */,
				F243AE5F0CE3678500A82889 /* guess_short_name.c */,
				F243AE600CE3678500A82889 /* hash_string.c */,
				F243AE610CE3678500A82889 /* hppa.c */,
				F243AE620CE3678500A82889 /* macosx_deployment_target.c */,
				F243AE630CE3678500A82889 /* ofile_error.c */,
				F243AE640CE3678500A82889 /* ofile_get_word.c */,
				F243AE650CE3678500A82889 /* ofile.c */,
				F243AE660CE3678500A82889 /* print.c */,
				F243AE670CE3678500A82889 /* reloc.c */,
				F243AF990CE3775200A82889 /* round.c */,
				F243AE690CE3678500A82889 /* seg_addr_table.c */,
				F243AE6A0CE3678500A82889 /* set_arch_flag_name.c */,
				F243AE6B0CE3678500A82889 /* swap_headers.c */,
				F243AE6C0CE3678500A82889 /* symbol_list.c */,
				F243AE6D0CE3678500A82889 /* SymLoc.c */,
				F243AE6E0CE3678500A82889 /* unix_standard_mode.c */,
				F243AE6F0CE3678500A82889 /* version_number.c */,
				F243AE700CE3678500A82889 /* vm_flush_cache.c */,
				F243AE710CE3678500A82889 /* writeout.c */,
			);
			name = Source;
			sourceTree = "<group>";
		};
		1AB674ADFE9D54B511CA2CBB /* Products */ = {
			isa = PBXGroup;
			children = (
				D2AAC046055464E500DB518D /* libstuff.a */,
			);
			name = Products;
			sourceTree = "<group>";
		};
		C6A0FF2B0290797F04C91782 /* Documentation */ = {
			isa = PBXGroup;
			children = (
			);
			name = Documentation;
			sourceTree = "<group>";
		};
		F243AE900CE3679400A82889 /* Headers */ = {
			isa = PBXGroup;
			children = (
				F243AE910CE367A800A82889 /* allocate.h */,
				F243AE920CE367A800A82889 /* arch.h */,
				F243AE930CE367A800A82889 /* best_arch.h */,
				F243AE940CE367A800A82889 /* bool.h */,
				F243AE950CE367A800A82889 /* breakout.h */,
				F243AF940CE3773C00A82889 /* bytesex.h */,
				F243AE970CE367A800A82889 /* crc32.h */,
				F243AE980CE367A800A82889 /* dylib_roots.h */,
				F243AE990CE367A800A82889 /* dylib_table.h */,
				F243AE9A0CE367A800A82889 /* errors.h */,
				F243AE9B0CE367A800A82889 /* execute.h */,
				F243AE9C0CE367A800A82889 /* guess_short_name.h */,
				F243AE9D0CE367A800A82889 /* hash_string.h */,
				F243AE9E0CE367A800A82889 /* hppa.h */,
				F243AE9F0CE367A800A82889 /* macosx_deployment_target.h */,
				F243AEA00CE367A800A82889 /* ofile.h */,
				F243AEA10CE367A800A82889 /* openstep_mach.h */,
				F243AEA20CE367A800A82889 /* print.h */,
				F243AEA30CE367A800A82889 /* reloc.h */,
				F243AF950CE3773C00A82889 /* round.h */,
				F243AEA50CE367A800A82889 /* seg_addr_table.h */,
				F243AEA60CE367A800A82889 /* symbol_list.h */,
				F243AEA70CE367A800A82889 /* symbol.h */,
				F243AEA80CE367A800A82889 /* SymLoc.h */,
				F243AEA90CE367A800A82889 /* target_arch.h */,
				F243AEAA0CE367A800A82889 /* unix_standard_mode.h */,
				F243AEAB0CE367A800A82889 /* version_number.h */,
				F243AEAC0CE367A800A82889 /* vm_flush_cache.h */,
			);
			name = Headers;
			sourceTree = "<group>";
		};
/* End PBXGroup section */

/* Begin PBXHeadersBuildPhase section */
		D2AAC043055464E500DB518D /* Headers */ = {
			isa = PBXHeadersBuildPhase;
			buildActionMask = 2147483647;
			files = (
				F243AF960CE3773C00A82889 /* bytesex.h in Headers */,
				F243AF970CE3773C00A82889 /* round.h in Headers */,
			);
			runOnlyForDeploymentPostprocessing = 0;
		};
/* End PBXHeadersBuildPhase section */

/* Begin PBXNativeTarget section */
		D2AAC045055464E500DB518D /* libstuff */ = {
			isa = PBXNativeTarget;
			buildConfigurationList = 1DEB91EB08733DB70010E9CD /* Build configuration list for PBXNativeTarget "libstuff" */;
			buildPhases = (
				D2AAC043055464E500DB518D /* Headers */,
				D2AAC044055464E500DB518D /* Sources */,
				D289987405E68DCB004EDB86 /* Frameworks */,
			);
			buildRules = (
			);
			dependencies = (
			);
			name = libstuff;
			productName = libstuff;
			productReference = D2AAC046055464E500DB518D /* libstuff.a */;
			productType = "com.apple.product-type.library.static";
		};
/* End PBXNativeTarget section */

/* Begin PBXProject section */
		08FB7793FE84155DC02AAC07 /* Project object */ = {
			isa = PBXProject;
			buildConfigurationList = 1DEB91EF08733DB70010E9CD /* Build configuration list for PBXProject "libstuff" */;
			hasScannedForEncodings = 1;
			mainGroup = 08FB7794FE84155DC02AAC07 /* libstuff */;
			projectDirPath = "";
			targets = (
				D2AAC045055464E500DB518D /* libstuff */,
			);
		};
/* End PBXProject section */

/* Begin PBXSourcesBuildPhase section */
		D2AAC044055464E500DB518D /* Sources */ = {
			isa = PBXSourcesBuildPhase;
			buildActionMask = 2147483647;
			files = (
				F243AE4D0CE3676B00A82889 /* allocate.c in Sources */,
				F243AE4E0CE3676B00A82889 /* arch_usage.c in Sources */,
				F243AE4F0CE3676B00A82889 /* arch.c in Sources */,
				F243AE500CE3676B00A82889 /* best_arch.c in Sources */,
				F243AE510CE3676B00A82889 /* breakout.c in Sources */,
				F243AE730CE3678500A82889 /* checkout.c in Sources */,
				F243AE740CE3678500A82889 /* crc32.c in Sources */,
				F243AE750CE3678500A82889 /* dylib_roots.c in Sources */,
				F243AE760CE3678500A82889 /* dylib_table.c in Sources */,
				F243AE770CE3678500A82889 /* errors.c in Sources */,
				F243AE780CE3678500A82889 /* execute.c in Sources */,
				F243AE790CE3678500A82889 /* fatal_arch.c in Sources */,
				F243AE7A0CE3678500A82889 /* fatals.c in Sources */,
				F243AE7B0CE3678500A82889 /* get_arch_from_host.c in Sources */,
				F243AE7C0CE3678500A82889 /* get_toc_byte_sex.c in Sources */,
				F243AE7D0CE3678500A82889 /* guess_short_name.c in Sources */,
				F243AE7E0CE3678500A82889 /* hash_string.c in Sources */,
				F243AE7F0CE3678500A82889 /* hppa.c in Sources */,
				F243AE800CE3678500A82889 /* macosx_deployment_target.c in Sources */,
				F243AE810CE3678500A82889 /* ofile_error.c in Sources */,
				F243AE820CE3678500A82889 /* ofile_get_word.c in Sources */,
				F243AE830CE3678500A82889 /* ofile.c in Sources */,
				F243AE840CE3678500A82889 /* print.c in Sources */,
				F243AE850CE3678500A82889 /* reloc.c in Sources */,
				F243AE870CE3678500A82889 /* seg_addr_table.c in Sources */,
				F243AE880CE3678500A82889 /* set_arch_flag_name.c in Sources */,
				F243AE890CE3678500A82889 /* swap_headers.c in Sources */,
				F243AE8A0CE3678500A82889 /* symbol_list.c in Sources */,
				F243AE8B0CE3678500A82889 /* SymLoc.c in Sources */,
				F243AE8C0CE3678500A82889 /* unix_standard_mode.c in Sources */,
				F243AE8D0CE3678500A82889 /* version_number.c in Sources */,
				F243AE8E0CE3678500A82889 /* vm_flush_cache.c in Sources */,
				F243AE8F0CE3678500A82889 /* writeout.c in Sources */,
				F243AF9A0CE3775200A82889 /* bytesex.c in Sources */,
				F243AF9B0CE3775200A82889 /* round.c in Sources */,
			);
			runOnlyForDeploymentPostprocessing = 0;
		};
/* End PBXSourcesBuildPhase section */

/* Begin XCBuildConfiguration section */
		1DEB91EC08733DB70010E9CD /* Debug */ = {
			isa = XCBuildConfiguration;
			buildSettings = {
				GCC_OPTIMIZATION_LEVEL = 0;
				HEADER_SEARCH_PATHS = (
					"$(inherited)",
					../include,
				);
				PRODUCT_NAME = stuff;
				SYMROOT = ../build;
			};
			name = Debug;
		};
		1DEB91ED08733DB70010E9CD /* Release */ = {
			isa = XCBuildConfiguration;
			buildSettings = {
				ARCHS = (
					ppc,
					i386,
				);
				GCC_GENERATE_DEBUGGING_SYMBOLS = NO;
				HEADER_SEARCH_PATHS = (
					"$(inherited)",
					../include,
				);
				PRODUCT_NAME = stuff;
				SYMROOT = ../build;
			};
			name = Release;
		};
		1DEB91F008733DB70010E9CD /* Debug */ = {
			isa = XCBuildConfiguration;
			buildSettings = {
				GCC_WARN_ABOUT_RETURN_TYPE = YES;
				GCC_WARN_UNUSED_VARIABLE = YES;
				PREBINDING = NO;
				SDKROOT = /Developer/SDKs/MacOSX10.4u.sdk;
			};
			name = Debug;
		};
		1DEB91F108733DB70010E9CD /* Release */ = {
			isa = XCBuildConfiguration;
			buildSettings = {
				GCC_WARN_ABOUT_RETURN_TYPE = YES;
				GCC_WARN_UNUSED_VARIABLE = YES;
				PREBINDING = NO;
				SDKROOT = /Developer/SDKs/MacOSX10.4u.sdk;
			};
			name = Release;
		};
/* End XCBuildConfiguration section */

/* Begin XCConfigurationList section */
		1DEB91EB08733DB70010E9CD /* Build configuration list for PBXNativeTarget "libstuff" */ = {
			isa = XCConfigurationList;
			buildConfigurations = (
				1DEB91EC08733DB70010E9CD /* Debug */,
				1DEB91ED08733DB70010E9CD /* Release */,
			);
			defaultConfigurationIsVisible = 0;
			defaultConfigurationName = Release;
		};
		1DEB91EF08733DB70010E9CD /* Build configuration list for PBXProject "libstuff" */ = {
			isa = XCConfigurationList;
			buildConfigurations = (
				1DEB91F008733DB70010E9CD /* Debug */,
				1DEB91F108733DB70010E9CD /* Release */,
			);
			defaultConfigurationIsVisible = 0;
			defaultConfigurationName = Release;
		};
/* End XCConfigurationList section */
	};
	rootObject = 08FB7793FE84155DC02AAC07 /* Project object */;
}
