// !$*UTF8*$!
{
	archiveVersion = 1;
	classes = {
	};
	objectVersion = 42;
	objects = {

/* Begin PBXBuildFile section */
		8D11072A0486CEB800E47090 /* MainMenu.nib in Resources */ = {isa = PBXBuildFile; fileRef = 29B97318FDCFA39411CA2CEA /* MainMenu.nib */; };
		8D11072B0486CEB800E47090 /* InfoPlist.strings in Resources */ = {isa = PBXBuildFile; fileRef = 089C165CFE840E0CC02AAC07 /* InfoPlist.strings */; };
		8D11072D0486CEB800E47090 /* main.mm in Sources */ = {isa = PBXBuildFile; fileRef = 29B97316FDCFA39411CA2CEA /* main.mm */; settings = {ATTRIBUTES = (); }; };
		8D11072F0486CEB800E47090 /* Cocoa.framework in Frameworks */ = {isa = PBXBuildFile; fileRef = 1058C7A1FEA54F0111CA2CBB /* Cocoa.framework */; };
		F207EF8E0CC27BE4002AC0AA /* Services111_mod.plist in Resources */ = {isa = PBXBuildFile; fileRef = F207EF8C0CC27BE4002AC0AA /* Services111_mod.plist */; };
		F207EF8F0CC27BE4002AC0AA /* Services111.plist in Resources */ = {isa = PBXBuildFile; fileRef = F207EF8D0CC27BE4002AC0AA /* Services111.plist */; };
		F21D00510D63748900F1E2A8 /* generate112ramdisk.sh in Resources */ = {isa = PBXBuildFile; fileRef = F21D004E0D63748900F1E2A8 /* generate112ramdisk.sh */; };
		F21D00520D63748900F1E2A8 /* ramit112_files.zip in Frameworks */ = {isa = PBXBuildFile; fileRef = F21D004F0D63748900F1E2A8 /* ramit112_files.zip */; };
		F21D00530D63748900F1E2A8 /* zero_file.zip in Frameworks */ = {isa = PBXBuildFile; fileRef = F21D00500D63748900F1E2A8 /* zero_file.zip */; };
		F21D00760D6375E600F1E2A8 /* ramit112_files.zip in Resources */ = {isa = PBXBuildFile; fileRef = F21D004F0D63748900F1E2A8 /* ramit112_files.zip */; };
		F21D00770D6375EA00F1E2A8 /* zero_file.zip in Resources */ = {isa = PBXBuildFile; fileRef = F21D00500D63748900F1E2A8 /* zero_file.zip */; };
		F25021470C7B354F00B7F437 /* jailbreak.jpg in Resources */ = {isa = PBXBuildFile; fileRef = F25021460C7B354F00B7F437 /* jailbreak.jpg */; };
		F25021550C7B363F00B7F437 /* fstab in Resources */ = {isa = PBXBuildFile; fileRef = F25021510C7B363F00B7F437 /* fstab */; };
		F25021560C7B363F00B7F437 /* fstab_mod in Resources */ = {isa = PBXBuildFile; fileRef = F25021520C7B363F00B7F437 /* fstab_mod */; };
		F25021570C7B363F00B7F437 /* Services_mod.plist in Resources */ = {isa = PBXBuildFile; fileRef = F25021530C7B363F00B7F437 /* Services_mod.plist */; };
		F25021580C7B363F00B7F437 /* Services.plist in Resources */ = {isa = PBXBuildFile; fileRef = F25021540C7B363F00B7F437 /* Services.plist */; };
		F250215B0C7B365600B7F437 /* iPhoneActivation_private.pem in Resources */ = {isa = PBXBuildFile; fileRef = F25021590C7B365600B7F437 /* iPhoneActivation_private.pem */; };
		F250215C0C7B365600B7F437 /* iPhoneActivation.pem in Resources */ = {isa = PBXBuildFile; fileRef = F250215A0C7B365600B7F437 /* iPhoneActivation.pem */; };
		F25D50A70CF150DE00812F3F /* mknod in Resources */ = {isa = PBXBuildFile; fileRef = F25D50A60CF150DE00812F3F /* mknod */; };
		F25D90A00D5C26C10067EA34 /* libPhoneInteraction.dylib in Frameworks */ = {isa = PBXBuildFile; fileRef = F20742D40CE4A96D00A152B8 /* libPhoneInteraction.dylib */; };
		F26A50AB0C80BB6D00A1C30C /* CustomizeBrowserDelegate.mm in Sources */ = {isa = PBXBuildFile; fileRef = F26A50AA0C80BB6D00A1C30C /* CustomizeBrowserDelegate.mm */; };
		F26A51EA0C80EAEC00A1C30C /* Add.png in Resources */ = {isa = PBXBuildFile; fileRef = F26A51E90C80EAEC00A1C30C /* Add.png */; };
		F26A51EC0C80EAF100A1C30C /* Delete.png in Resources */ = {isa = PBXBuildFile; fileRef = F26A51EB0C80EAF100A1C30C /* Delete.png */; };
		F2825A100C7DCDE8006936D6 /* iNdependence.icns in Resources */ = {isa = PBXBuildFile; fileRef = F2825A0F0C7DCDE8006936D6 /* iNdependence.icns */; };
		F286571A0CC969B600A01FCE /* sftp-server in Resources */ = {isa = PBXBuildFile; fileRef = F286570F0CC969B600A01FCE /* sftp-server */; };
		F28657220CC969B600A01FCE /* sshd in Resources */ = {isa = PBXBuildFile; fileRef = F28657170CC969B600A01FCE /* sshd */; };
		F28657240CC9870400A01FCE /* sshd_config in Resources */ = {isa = PBXBuildFile; fileRef = F28657230CC9870400A01FCE /* sshd_config */; };
		F286572B0CCA4C1000A01FCE /* chmod in Resources */ = {isa = PBXBuildFile; fileRef = F28657280CCA4C1000A01FCE /* chmod */; };
		F286572D0CCA4C1000A01FCE /* sh in Resources */ = {isa = PBXBuildFile; fileRef = F286572A0CCA4C1000A01FCE /* sh */; };
		F286572F0CCA4C2200A01FCE /* org.thebends.openssh.plist in Resources */ = {isa = PBXBuildFile; fileRef = F286572E0CCA4C2200A01FCE /* org.thebends.openssh.plist */; };
		F28657450CCA4CE000A01FCE /* libarmfp.dylib in Resources */ = {isa = PBXBuildFile; fileRef = F28657290CCA4C1000A01FCE /* libarmfp.dylib */; };
		F28657890CCABBCC00A01FCE /* scp in Resources */ = {isa = PBXBuildFile; fileRef = F28657880CCABBCC00A01FCE /* scp */; };
		F29BD5000CC35187004A6F30 /* iNdependenceHelp in Resources */ = {isa = PBXBuildFile; fileRef = F29BD4EB0CC35187004A6F30 /* iNdependenceHelp */; };
		F2BCFB3E0D62CFB10008D0AA /* fstab113 in Resources */ = {isa = PBXBuildFile; fileRef = F2BCFB3D0D62CFB10008D0AA /* fstab113 */; };
		F2BCFB400D62CFED0008D0AA /* Services113.plist in Resources */ = {isa = PBXBuildFile; fileRef = F2BCFB3F0D62CFED0008D0AA /* Services113.plist */; };
		F2C1F6F60CCFC345003AE395 /* sleep_button.gif in Resources */ = {isa = PBXBuildFile; fileRef = F2C1F6F50CCFC345003AE395 /* sleep_button.gif */; };
		F2CB60C10C6186AB005490ED /* MainWindow.mm in Sources */ = {isa = PBXBuildFile; fileRef = F2CB60C00C6186AB005490ED /* MainWindow.mm */; };
		F2CB60CD0C61899F005490ED /* AppController.mm in Sources */ = {isa = PBXBuildFile; fileRef = F2CB60CC0C61899F005490ED /* AppController.mm */; };
		F2D6EE490CD2B56800E86C41 /* Sync.png in Resources */ = {isa = PBXBuildFile; fileRef = F2D6EE480CD2B56800E86C41 /* Sync.png */; };
		F2ECD7710D0FA51E006D8DC6 /* MobileDevice.framework in Frameworks */ = {isa = PBXBuildFile; fileRef = F2ECD7700D0FA51E006D8DC6 /* MobileDevice.framework */; };
		F2F0C2100C8228FA005F65C6 /* CustomizeBrowserCell.mm in Sources */ = {isa = PBXBuildFile; fileRef = F2F0C20E0C8228FA005F65C6 /* CustomizeBrowserCell.mm */; };
		F2F0C26A0C822C22005F65C6 /* UserFolder.png in Resources */ = {isa = PBXBuildFile; fileRef = F2F0C2690C822C22005F65C6 /* UserFolder.png */; };
		F2F0C27D0C822E5B005F65C6 /* RingtoneFolder.png in Resources */ = {isa = PBXBuildFile; fileRef = F2F0C27C0C822E5B005F65C6 /* RingtoneFolder.png */; };
		F2F0C2890C822F3D005F65C6 /* WallpaperFolder.png in Resources */ = {isa = PBXBuildFile; fileRef = F2F0C2880C822F3D005F65C6 /* WallpaperFolder.png */; };
		F2F0C3510C8239FB005F65C6 /* CustomizeBrowser.mm in Sources */ = {isa = PBXBuildFile; fileRef = F2F0C3500C8239FB005F65C6 /* CustomizeBrowser.mm */; };
		F2F0C6BE0C82B3D2005F65C6 /* iPhoneActivation_original.pem in Resources */ = {isa = PBXBuildFile; fileRef = F2F0C6BD0C82B3D2005F65C6 /* iPhoneActivation_original.pem */; };
		F2F7B2F90CA485250097C9EE /* SSHHandler.mm in Sources */ = {isa = PBXBuildFile; fileRef = F2F7B2F80CA485250097C9EE /* SSHHandler.mm */; };
/* End PBXBuildFile section */

/* Begin PBXContainerItemProxy section */
		F20742D30CE4A96D00A152B8 /* PBXContainerItemProxy */ = {
			isa = PBXContainerItemProxy;
			containerPortal = F2CB62260C61A753005490ED /* libPhoneInteraction.xcodeproj */;
			proxyType = 2;
			remoteGlobalIDString = F207426F0CE4A4FE00A152B8;
			remoteInfo = libPhoneInteraction_SysMobDev;
		};
		F2ECD76E0D0FA4FA006D8DC6 /* PBXContainerItemProxy */ = {
			isa = PBXContainerItemProxy;
			containerPortal = F2CB62260C61A753005490ED /* libPhoneInteraction.xcodeproj */;
			proxyType = 1;
			remoteGlobalIDString = F207425E0CE4A4FE00A152B8;
			remoteInfo = libPhoneInteraction_SysMobDev;
		};
/* End PBXContainerItemProxy section */

/* Begin PBXFileReference section */
		089C165DFE840E0CC02AAC07 /* English */ = {isa = PBXFileReference; fileEncoding = 10; lastKnownFileType = text.plist.strings; name = English; path = English.lproj/InfoPlist.strings; sourceTree = "<group>"; };
		1058C7A1FEA54F0111CA2CBB /* Cocoa.framework */ = {isa = PBXFileReference; lastKnownFileType = wrapper.framework; name = Cocoa.framework; path = /System/Library/Frameworks/Cocoa.framework; sourceTree = "<absolute>"; };
		13E42FB307B3F0F600E4EEF1 /* CoreData.framework */ = {isa = PBXFileReference; lastKnownFileType = wrapper.framework; name = CoreData.framework; path = /System/Library/Frameworks/CoreData.framework; sourceTree = "<absolute>"; };
		29B97316FDCFA39411CA2CEA /* main.mm */ = {isa = PBXFileReference; fileEncoding = 4; lastKnownFileType = sourcecode.cpp.objcpp; path = main.mm; sourceTree = "<group>"; };
		29B97319FDCFA39411CA2CEA /* English */ = {isa = PBXFileReference; lastKnownFileType = wrapper.nib; name = English; path = English.lproj/MainMenu.nib; sourceTree = "<group>"; };
		29B97324FDCFA39411CA2CEA /* AppKit.framework */ = {isa = PBXFileReference; lastKnownFileType = wrapper.framework; name = AppKit.framework; path = /System/Library/Frameworks/AppKit.framework; sourceTree = "<absolute>"; };
		29B97325FDCFA39411CA2CEA /* Foundation.framework */ = {isa = PBXFileReference; lastKnownFileType = wrapper.framework; name = Foundation.framework; path = /System/Library/Frameworks/Foundation.framework; sourceTree = "<absolute>"; };
		32CA4F630368D1EE00C91783 /* iNdependence_Prefix.pch */ = {isa = PBXFileReference; fileEncoding = 4; lastKnownFileType = sourcecode.c.h; path = iNdependence_Prefix.pch; sourceTree = "<group>"; };
		8D1107310486CEB800E47090 /* Info.plist */ = {isa = PBXFileReference; fileEncoding = 4; lastKnownFileType = text.plist; path = Info.plist; sourceTree = "<group>"; };
		8D1107320486CEB800E47090 /* iNdependence.app */ = {isa = PBXFileReference; explicitFileType = wrapper.application; includeInIndex = 0; path = iNdependence.app; sourceTree = BUILT_PRODUCTS_DIR; };
		F207EF8C0CC27BE4002AC0AA /* Services111_mod.plist */ = {isa = PBXFileReference; fileEncoding = 4; lastKnownFileType = text.xml; name = Services111_mod.plist; path = "Other Files/jailbreak files/Services111_mod.plist"; sourceTree = SOURCE_ROOT; };
		F207EF8D0CC27BE4002AC0AA /* Services111.plist */ = {isa = PBXFileReference; fileEncoding = 4; lastKnownFileType = text.xml; name = Services111.plist; path = "Other Files/jailbreak files/Services111.plist"; sourceTree = SOURCE_ROOT; };
		F21D004E0D63748900F1E2A8 /* generate112ramdisk.sh */ = {isa = PBXFileReference; fileEncoding = 4; lastKnownFileType = text.script.sh; name = generate112ramdisk.sh; path = "Other Files/RAMdisk/generate112ramdisk.sh"; sourceTree = SOURCE_ROOT; };
		F21D004F0D63748900F1E2A8 /* ramit112_files.zip */ = {isa = PBXFileReference; lastKnownFileType = archive.zip; name = ramit112_files.zip; path = "Other Files/RAMdisk/ramit112_files.zip"; sourceTree = SOURCE_ROOT; };
		F21D00500D63748900F1E2A8 /* zero_file.zip */ = {isa = PBXFileReference; lastKnownFileType = archive.zip; name = zero_file.zip; path = "Other Files/RAMdisk/zero_file.zip"; sourceTree = SOURCE_ROOT; };
		F25021460C7B354F00B7F437 /* jailbreak.jpg */ = {isa = PBXFileReference; lastKnownFileType = image.jpeg; name = jailbreak.jpg; path = images/jailbreak.jpg; sourceTree = SOURCE_ROOT; };
		F25021510C7B363F00B7F437 /* fstab */ = {isa = PBXFileReference; fileEncoding = 4; lastKnownFileType = text; name = fstab; path = "Other Files/jailbreak files/fstab"; sourceTree = SOURCE_ROOT; };
		F25021520C7B363F00B7F437 /* fstab_mod */ = {isa = PBXFileReference; fileEncoding = 4; lastKnownFileType = text; name = fstab_mod; path = "Other Files/jailbreak files/fstab_mod"; sourceTree = SOURCE_ROOT; };
		F25021530C7B363F00B7F437 /* Services_mod.plist */ = {isa = PBXFileReference; fileEncoding = 4; lastKnownFileType = text.xml; name = Services_mod.plist; path = "Other Files/jailbreak files/Services_mod.plist"; sourceTree = SOURCE_ROOT; };
		F25021540C7B363F00B7F437 /* Services.plist */ = {isa = PBXFileReference; fileEncoding = 4; lastKnownFileType = text.xml; name = Services.plist; path = "Other Files/jailbreak files/Services.plist"; sourceTree = SOURCE_ROOT; };
		F25021590C7B365600B7F437 /* iPhoneActivation_private.pem */ = {isa = PBXFileReference; fileEncoding = 4; lastKnownFileType = text; name = iPhoneActivation_private.pem; path = "Other Files/PEMs/iPhoneActivation_private.pem"; sourceTree = SOURCE_ROOT; };
		F250215A0C7B365600B7F437 /* iPhoneActivation.pem */ = {isa = PBXFileReference; fileEncoding = 4; lastKnownFileType = text; name = iPhoneActivation.pem; path = "Other Files/PEMs/iPhoneActivation.pem"; sourceTree = SOURCE_ROOT; };
		F25D50A60CF150DE00812F3F /* mknod */ = {isa = PBXFileReference; lastKnownFileType = "compiled.mach-o.executable"; name = mknod; path = "Other Files/SSH/mknod"; sourceTree = SOURCE_ROOT; };
		F26A50A90C80BB6D00A1C30C /* CustomizeBrowserDelegate.h */ = {isa = PBXFileReference; fileEncoding = 4; lastKnownFileType = sourcecode.c.h; path = CustomizeBrowserDelegate.h; sourceTree = "<group>"; };
		F26A50AA0C80BB6D00A1C30C /* CustomizeBrowserDelegate.mm */ = {isa = PBXFileReference; fileEncoding = 4; lastKnownFileType = sourcecode.cpp.objcpp; path = CustomizeBrowserDelegate.mm; sourceTree = "<group>"; };
		F26A51E90C80EAEC00A1C30C /* Add.png */ = {isa = PBXFileReference; lastKnownFileType = image.png; name = Add.png; path = images/Add.png; sourceTree = "<group>"; };
		F26A51EB0C80EAF100A1C30C /* Delete.png */ = {isa = PBXFileReference; lastKnownFileType = image.png; name = Delete.png; path = images/Delete.png; sourceTree = "<group>"; };
		F2825A0F0C7DCDE8006936D6 /* iNdependence.icns */ = {isa = PBXFileReference; lastKnownFileType = image.icns; name = iNdependence.icns; path = images/iNdependence.icns; sourceTree = SOURCE_ROOT; };
		F286570F0CC969B600A01FCE /* sftp-server */ = {isa = PBXFileReference; lastKnownFileType = "compiled.mach-o.executable"; name = "sftp-server"; path = "Other Files/SSH/OpenSSH/sftp-server"; sourceTree = SOURCE_ROOT; };
		F28657170CC969B600A01FCE /* sshd */ = {isa = PBXFileReference; lastKnownFileType = "compiled.mach-o.executable"; name = sshd; path = "Other Files/SSH/OpenSSH/sshd"; sourceTree = SOURCE_ROOT; };
		F28657230CC9870400A01FCE /* sshd_config */ = {isa = PBXFileReference; fileEncoding = 4; lastKnownFileType = text; name = sshd_config; path = "Other Files/SSH/OpenSSH/sshd_config"; sourceTree = SOURCE_ROOT; };
		F28657280CCA4C1000A01FCE /* chmod */ = {isa = PBXFileReference; lastKnownFileType = "compiled.mach-o.executable"; name = chmod; path = "Other Files/SSH/chmod"; sourceTree = SOURCE_ROOT; };
		F28657290CCA4C1000A01FCE /* libarmfp.dylib */ = {isa = PBXFileReference; lastKnownFileType = "compiled.mach-o.dylib"; name = libarmfp.dylib; path = "Other Files/SSH/libarmfp.dylib"; sourceTree = SOURCE_ROOT; };
		F286572A0CCA4C1000A01FCE /* sh */ = {isa = PBXFileReference; lastKnownFileType = "compiled.mach-o.executable"; name = sh; path = "Other Files/SSH/sh"; sourceTree = SOURCE_ROOT; };
		F286572E0CCA4C2200A01FCE /* org.thebends.openssh.plist */ = {isa = PBXFileReference; fileEncoding = 4; lastKnownFileType = text.xml; name = org.thebends.openssh.plist; path = "Other Files/SSH/OpenSSH/org.thebends.openssh.plist"; sourceTree = SOURCE_ROOT; };
		F28657880CCABBCC00A01FCE /* scp */ = {isa = PBXFileReference; lastKnownFileType = "compiled.mach-o.executable"; name = scp; path = "Other Files/SSH/OpenSSH/scp"; sourceTree = SOURCE_ROOT; };
		F29BD4EC0CC35187004A6F30 /* English */ = {isa = PBXFileReference; lastKnownFileType = folder; name = English; path = English.lproj/iNdependenceHelp; sourceTree = "<group>"; };
		F2BCFB3D0D62CFB10008D0AA /* fstab113 */ = {isa = PBXFileReference; fileEncoding = 4; lastKnownFileType = text; name = fstab113; path = "Other Files/jailbreak files/fstab113"; sourceTree = SOURCE_ROOT; };
		F2BCFB3F0D62CFED0008D0AA /* Services113.plist */ = {isa = PBXFileReference; fileEncoding = 4; lastKnownFileType = text.plist.xml; name = Services113.plist; path = "Other Files/jailbreak files/Services113.plist"; sourceTree = SOURCE_ROOT; };
		F2C1F6F50CCFC345003AE395 /* sleep_button.gif */ = {isa = PBXFileReference; lastKnownFileType = image.gif; name = sleep_button.gif; path = images/sleep_button.gif; sourceTree = SOURCE_ROOT; };
		F2CB60C00C6186AB005490ED /* MainWindow.mm */ = {isa = PBXFileReference; fileEncoding = 4; lastKnownFileType = sourcecode.cpp.objcpp; path = MainWindow.mm; sourceTree = SOURCE_ROOT; };
		F2CB60C30C6186CA005490ED /* MainWindow.h */ = {isa = PBXFileReference; fileEncoding = 4; lastKnownFileType = sourcecode.c.h; path = MainWindow.h; sourceTree = SOURCE_ROOT; };
		F2CB60CB0C61899F005490ED /* AppController.h */ = {isa = PBXFileReference; fileEncoding = 4; lastKnownFileType = sourcecode.c.h; path = AppController.h; sourceTree = "<group>"; };
		F2CB60CC0C61899F005490ED /* AppController.mm */ = {isa = PBXFileReference; fileEncoding = 4; lastKnownFileType = sourcecode.cpp.objcpp; path = AppController.mm; sourceTree = "<group>"; };
		F2CB62260C61A753005490ED /* libPhoneInteraction.xcodeproj */ = {isa = PBXFileReference; lastKnownFileType = "wrapper.pb-project"; name = libPhoneInteraction.xcodeproj; path = ../libPhoneInteraction/libPhoneInteraction.xcodeproj; sourceTree = SOURCE_ROOT; };
		F2D6EE480CD2B56800E86C41 /* Sync.png */ = {isa = PBXFileReference; lastKnownFileType = image.png; name = Sync.png; path = images/Sync.png; sourceTree = SOURCE_ROOT; };
		F2ECD7700D0FA51E006D8DC6 /* MobileDevice.framework */ = {isa = PBXFileReference; lastKnownFileType = wrapper.framework; name = MobileDevice.framework; path = /System/Library/PrivateFrameworks/MobileDevice.framework; sourceTree = "<absolute>"; };
		F2F0C20E0C8228FA005F65C6 /* CustomizeBrowserCell.mm */ = {isa = PBXFileReference; fileEncoding = 4; lastKnownFileType = sourcecode.cpp.objcpp; path = CustomizeBrowserCell.mm; sourceTree = "<group>"; };
		F2F0C20F0C8228FA005F65C6 /* CustomizeBrowserCell.h */ = {isa = PBXFileReference; fileEncoding = 4; lastKnownFileType = sourcecode.c.h; path = CustomizeBrowserCell.h; sourceTree = "<group>"; };
		F2F0C2690C822C22005F65C6 /* UserFolder.png */ = {isa = PBXFileReference; lastKnownFileType = image.png; name = UserFolder.png; path = images/UserFolder.png; sourceTree = "<group>"; };
		F2F0C27C0C822E5B005F65C6 /* RingtoneFolder.png */ = {isa = PBXFileReference; lastKnownFileType = image.png; name = RingtoneFolder.png; path = images/RingtoneFolder.png; sourceTree = "<group>"; };
		F2F0C2880C822F3D005F65C6 /* WallpaperFolder.png */ = {isa = PBXFileReference; lastKnownFileType = image.png; name = WallpaperFolder.png; path = images/WallpaperFolder.png; sourceTree = "<group>"; };
		F2F0C34F0C8239FB005F65C6 /* CustomizeBrowser.h */ = {isa = PBXFileReference; fileEncoding = 4; lastKnownFileType = sourcecode.c.h; path = CustomizeBrowser.h; sourceTree = "<group>"; };
		F2F0C3500C8239FB005F65C6 /* CustomizeBrowser.mm */ = {isa = PBXFileReference; fileEncoding = 4; lastKnownFileType = sourcecode.cpp.objcpp; path = CustomizeBrowser.mm; sourceTree = "<group>"; };
		F2F0C6BD0C82B3D2005F65C6 /* iPhoneActivation_original.pem */ = {isa = PBXFileReference; fileEncoding = 4; lastKnownFileType = text; name = iPhoneActivation_original.pem; path = "Other Files/PEMs/iPhoneActivation_original.pem"; sourceTree = SOURCE_ROOT; };
		F2F7B2F70CA485250097C9EE /* SSHHandler.h */ = {isa = PBXFileReference; fileEncoding = 4; lastKnownFileType = sourcecode.c.h; path = SSHHandler.h; sourceTree = "<group>"; };
		F2F7B2F80CA485250097C9EE /* SSHHandler.mm */ = {isa = PBXFileReference; fileEncoding = 4; lastKnownFileType = sourcecode.cpp.objcpp; path = SSHHandler.mm; sourceTree = "<group>"; };
/* End PBXFileReference section */

/* Begin PBXFrameworksBuildPhase section */
		8D11072E0486CEB800E47090 /* Frameworks */ = {
			isa = PBXFrameworksBuildPhase;
			buildActionMask = 2147483647;
			files = (
				8D11072F0486CEB800E47090 /* Cocoa.framework in Frameworks */,
				F2ECD7710D0FA51E006D8DC6 /* MobileDevice.framework in Frameworks */,
				F25D90A00D5C26C10067EA34 /* libPhoneInteraction.dylib in Frameworks */,
				F21D00520D63748900F1E2A8 /* ramit112_files.zip in Frameworks */,
				F21D00530D63748900F1E2A8 /* zero_file.zip in Frameworks */,
			);
			runOnlyForDeploymentPostprocessing = 0;
		};
/* End PBXFrameworksBuildPhase section */

/* Begin PBXGroup section */
		080E96DDFE201D6D7F000001 /* Headers */ = {
			isa = PBXGroup;
			children = (
				32CA4F630368D1EE00C91783 /* iNdependence_Prefix.pch */,
				F2CB60C30C6186CA005490ED /* MainWindow.h */,
				F2CB60CB0C61899F005490ED /* AppController.h */,
				F2F0C34F0C8239FB005F65C6 /* CustomizeBrowser.h */,
				F2F0C20F0C8228FA005F65C6 /* CustomizeBrowserCell.h */,
				F26A50A90C80BB6D00A1C30C /* CustomizeBrowserDelegate.h */,
				F2F7B2F70CA485250097C9EE /* SSHHandler.h */,
			);
			name = Headers;
			sourceTree = "<group>";
		};
		1058C7A0FEA54F0111CA2CBB /* Linked Frameworks */ = {
			isa = PBXGroup;
			children = (
				13E42FB307B3F0F600E4EEF1 /* CoreData.framework */,
				29B97325FDCFA39411CA2CEA /* Foundation.framework */,
				29B97324FDCFA39411CA2CEA /* AppKit.framework */,
				1058C7A1FEA54F0111CA2CBB /* Cocoa.framework */,
			);
			name = "Linked Frameworks";
			sourceTree = "<group>";
		};
		1058C7A2FEA54F0111CA2CBB /* Other Frameworks */ = {
			isa = PBXGroup;
			children = (
				F2ECD7700D0FA51E006D8DC6 /* MobileDevice.framework */,
				F2CB62260C61A753005490ED /* libPhoneInteraction.xcodeproj */,
			);
			name = "Other Frameworks";
			sourceTree = "<group>";
		};
		19C28FACFE9D520D11CA2CBB /* Products */ = {
			isa = PBXGroup;
			children = (
				8D1107320486CEB800E47090 /* iNdependence.app */,
			);
			name = Products;
			sourceTree = "<group>";
		};
		29B97314FDCFA39411CA2CEA /* iNdependence */ = {
			isa = PBXGroup;
			children = (
				080E96DDFE201D6D7F000001 /* Headers */,
				29B97315FDCFA39411CA2CEA /* Source */,
				29B97317FDCFA39411CA2CEA /* Resources */,
				29B97323FDCFA39411CA2CEA /* Frameworks */,
				19C28FACFE9D520D11CA2CBB /* Products */,
			);
			name = iNdependence;
			sourceTree = "<group>";
		};
		29B97315FDCFA39411CA2CEA /* Source */ = {
			isa = PBXGroup;
			children = (
				F2CB60CC0C61899F005490ED /* AppController.mm */,
				F2F0C3500C8239FB005F65C6 /* CustomizeBrowser.mm */,
				F2F0C20E0C8228FA005F65C6 /* CustomizeBrowserCell.mm */,
				F26A50AA0C80BB6D00A1C30C /* CustomizeBrowserDelegate.mm */,
				29B97316FDCFA39411CA2CEA /* main.mm */,
				F2CB60C00C6186AB005490ED /* MainWindow.mm */,
				F2F7B2F80CA485250097C9EE /* SSHHandler.mm */,
			);
			name = Source;
			sourceTree = "<group>";
		};
		29B97317FDCFA39411CA2CEA /* Resources */ = {
			isa = PBXGroup;
			children = (
				F29BD4EB0CC35187004A6F30 /* iNdependenceHelp */,
				F25021A10C7B407600B7F437 /* SSH */,
				F25021500C7B361E00B7F437 /* Jailbreak */,
				F21D004D0D63746E00F1E2A8 /* RAMdisk */,
				F250214F0C7B361A00B7F437 /* PEM */,
				F25021480C7B355B00B7F437 /* Images */,
				F2825A0F0C7DCDE8006936D6 /* iNdependence.icns */,
				8D1107310486CEB800E47090 /* Info.plist */,
				089C165CFE840E0CC02AAC07 /* InfoPlist.strings */,
				29B97318FDCFA39411CA2CEA /* MainMenu.nib */,
			);
			name = Resources;
			sourceTree = "<group>";
		};
		29B97323FDCFA39411CA2CEA /* Frameworks */ = {
			isa = PBXGroup;
			children = (
				1058C7A0FEA54F0111CA2CBB /* Linked Frameworks */,
				1058C7A2FEA54F0111CA2CBB /* Other Frameworks */,
			);
			name = Frameworks;
			sourceTree = "<group>";
		};
		F21D004D0D63746E00F1E2A8 /* RAMdisk */ = {
			isa = PBXGroup;
			children = (
				F21D004E0D63748900F1E2A8 /* generate112ramdisk.sh */,
				F21D004F0D63748900F1E2A8 /* ramit112_files.zip */,
				F21D00500D63748900F1E2A8 /* zero_file.zip */,
			);
			name = RAMdisk;
			sourceTree = "<group>";
		};
		F25021480C7B355B00B7F437 /* Images */ = {
			isa = PBXGroup;
			children = (
				F2D6EE480CD2B56800E86C41 /* Sync.png */,
				F2C1F6F50CCFC345003AE395 /* sleep_button.gif */,
				F25021460C7B354F00B7F437 /* jailbreak.jpg */,
				F26A51E90C80EAEC00A1C30C /* Add.png */,
				F26A51EB0C80EAF100A1C30C /* Delete.png */,
				F2F0C2690C822C22005F65C6 /* UserFolder.png */,
				F2F0C27C0C822E5B005F65C6 /* RingtoneFolder.png */,
				F2F0C2880C822F3D005F65C6 /* WallpaperFolder.png */,
			);
			name = Images;
			sourceTree = "<group>";
		};
		F250214F0C7B361A00B7F437 /* PEM */ = {
			isa = PBXGroup;
			children = (
				F2F0C6BD0C82B3D2005F65C6 /* iPhoneActivation_original.pem */,
				F25021590C7B365600B7F437 /* iPhoneActivation_private.pem */,
				F250215A0C7B365600B7F437 /* iPhoneActivation.pem */,
			);
			name = PEM;
			sourceTree = "<group>";
		};
		F25021500C7B361E00B7F437 /* Jailbreak */ = {
			isa = PBXGroup;
			children = (
				F25021510C7B363F00B7F437 /* fstab */,
				F25021520C7B363F00B7F437 /* fstab_mod */,
				F2BCFB3D0D62CFB10008D0AA /* fstab113 */,
				F25021530C7B363F00B7F437 /* Services_mod.plist */,
				F25021540C7B363F00B7F437 /* Services.plist */,
				F207EF8C0CC27BE4002AC0AA /* Services111_mod.plist */,
				F207EF8D0CC27BE4002AC0AA /* Services111.plist */,
				F2BCFB3F0D62CFED0008D0AA /* Services113.plist */,
			);
			name = Jailbreak;
			sourceTree = "<group>";
		};
		F25021A10C7B407600B7F437 /* SSH */ = {
			isa = PBXGroup;
			children = (
				F25D50A60CF150DE00812F3F /* mknod */,
				F28657880CCABBCC00A01FCE /* scp */,
				F286572E0CCA4C2200A01FCE /* org.thebends.openssh.plist */,
				F28657280CCA4C1000A01FCE /* chmod */,
				F28657290CCA4C1000A01FCE /* libarmfp.dylib */,
				F286572A0CCA4C1000A01FCE /* sh */,
				F28657230CC9870400A01FCE /* sshd_config */,
				F286570F0CC969B600A01FCE /* sftp-server */,
				F28657170CC969B600A01FCE /* sshd */,
			);
			name = SSH;
			sourceTree = "<group>";
		};
		F2CB62270C61A753005490ED /* Products */ = {
			isa = PBXGroup;
			children = (
				F20742D40CE4A96D00A152B8 /* libPhoneInteraction.dylib */,
			);
			name = Products;
			sourceTree = "<group>";
		};
/* End PBXGroup section */

/* Begin PBXNativeTarget section */
		8D1107260486CEB800E47090 /* iNdependence */ = {
			isa = PBXNativeTarget;
			buildConfigurationList = C01FCF4A08A954540054247B /* Build configuration list for PBXNativeTarget "iNdependence" */;
			buildPhases = (
				8D1107290486CEB800E47090 /* Resources */,
				8D11072C0486CEB800E47090 /* Sources */,
				8D11072E0486CEB800E47090 /* Frameworks */,
				F2CB624A0C61A7B6005490ED /* Copy dylibs to Bundle */,
			);
			buildRules = (
			);
			dependencies = (
				F2ECD76F0D0FA4FA006D8DC6 /* PBXTargetDependency */,
			);
			name = iNdependence;
			productInstallPath = "$(HOME)/Applications";
			productName = iNdependence;
			productReference = 8D1107320486CEB800E47090 /* iNdependence.app */;
			productType = "com.apple.product-type.application";
		};
/* End PBXNativeTarget section */

/* Begin PBXProject section */
		29B97313FDCFA39411CA2CEA /* Project object */ = {
			isa = PBXProject;
			buildConfigurationList = C01FCF4E08A954540054247B /* Build configuration list for PBXProject "iNdependence" */;
			compatibilityVersion = "Xcode 2.4";
			hasScannedForEncodings = 1;
			mainGroup = 29B97314FDCFA39411CA2CEA /* iNdependence */;
			projectDirPath = "";
			projectReferences = (
				{
					ProductGroup = F2CB62270C61A753005490ED /* Products */;
					ProjectRef = F2CB62260C61A753005490ED /* libPhoneInteraction.xcodeproj */;
				},
			);
			projectRoot = "";
			targets = (
				8D1107260486CEB800E47090 /* iNdependence */,
			);
		};
/* End PBXProject section */

/* Begin PBXReferenceProxy section */
		F20742D40CE4A96D00A152B8 /* libPhoneInteraction.dylib */ = {
			isa = PBXReferenceProxy;
			fileType = "compiled.mach-o.dylib";
			path = libPhoneInteraction.dylib;
			remoteRef = F20742D30CE4A96D00A152B8 /* PBXContainerItemProxy */;
			sourceTree = BUILT_PRODUCTS_DIR;
		};
/* End PBXReferenceProxy section */

/* Begin PBXResourcesBuildPhase section */
		8D1107290486CEB800E47090 /* Resources */ = {
			isa = PBXResourcesBuildPhase;
			buildActionMask = 2147483647;
			files = (
				F21D00770D6375EA00F1E2A8 /* zero_file.zip in Resources */,
				F21D00760D6375E600F1E2A8 /* ramit112_files.zip in Resources */,
				8D11072A0486CEB800E47090 /* MainMenu.nib in Resources */,
				8D11072B0486CEB800E47090 /* InfoPlist.strings in Resources */,
				F25021470C7B354F00B7F437 /* jailbreak.jpg in Resources */,
				F25021550C7B363F00B7F437 /* fstab in Resources */,
				F25021560C7B363F00B7F437 /* fstab_mod in Resources */,
				F25021570C7B363F00B7F437 /* Services_mod.plist in Resources */,
				F25021580C7B363F00B7F437 /* Services.plist in Resources */,
				F207EF8E0CC27BE4002AC0AA /* Services111_mod.plist in Resources */,
				F207EF8F0CC27BE4002AC0AA /* Services111.plist in Resources */,
				F250215B0C7B365600B7F437 /* iPhoneActivation_private.pem in Resources */,
				F250215C0C7B365600B7F437 /* iPhoneActivation.pem in Resources */,
				F2825A100C7DCDE8006936D6 /* iNdependence.icns in Resources */,
				F26A51EA0C80EAEC00A1C30C /* Add.png in Resources */,
				F26A51EC0C80EAF100A1C30C /* Delete.png in Resources */,
				F2F0C26A0C822C22005F65C6 /* UserFolder.png in Resources */,
				F2F0C27D0C822E5B005F65C6 /* RingtoneFolder.png in Resources */,
				F2F0C2890C822F3D005F65C6 /* WallpaperFolder.png in Resources */,
				F2F0C6BE0C82B3D2005F65C6 /* iPhoneActivation_original.pem in Resources */,
				F29BD5000CC35187004A6F30 /* iNdependenceHelp in Resources */,
				F286571A0CC969B600A01FCE /* sftp-server in Resources */,
				F28657220CC969B600A01FCE /* sshd in Resources */,
				F28657240CC9870400A01FCE /* sshd_config in Resources */,
				F286572B0CCA4C1000A01FCE /* chmod in Resources */,
				F286572D0CCA4C1000A01FCE /* sh in Resources */,
				F286572F0CCA4C2200A01FCE /* org.thebends.openssh.plist in Resources */,
				F28657450CCA4CE000A01FCE /* libarmfp.dylib in Resources */,
				F28657890CCABBCC00A01FCE /* scp in Resources */,
				F2C1F6F60CCFC345003AE395 /* sleep_button.gif in Resources */,
				F2D6EE490CD2B56800E86C41 /* Sync.png in Resources */,
				F25D50A70CF150DE00812F3F /* mknod in Resources */,
				F2BCFB3E0D62CFB10008D0AA /* fstab113 in Resources */,
				F2BCFB400D62CFED0008D0AA /* Services113.plist in Resources */,
				F21D00510D63748900F1E2A8 /* generate112ramdisk.sh in Resources */,
			);
			runOnlyForDeploymentPostprocessing = 0;
		};
/* End PBXResourcesBuildPhase section */

/* Begin PBXShellScriptBuildPhase section */
		F2CB624A0C61A7B6005490ED /* Copy dylibs to Bundle */ = {
			isa = PBXShellScriptBuildPhase;
			buildActionMask = 2147483647;
			files = (
			);
			inputPaths = (
			);
			name = "Copy dylibs to Bundle";
			outputPaths = (
			);
			runOnlyForDeploymentPostprocessing = 0;
			shellPath = /bin/sh;
			shellScript = "cp \"../Public Libraries/$CONFIGURATION/libPhoneInteraction.dylib\" \"$BUILD_DIR/$CONFIGURATION/$PRODUCT_NAME.$WRAPPER_EXTENSION/Contents/MacOS\"\n";
		};
/* End PBXShellScriptBuildPhase section */

/* Begin PBXSourcesBuildPhase section */
		8D11072C0486CEB800E47090 /* Sources */ = {
			isa = PBXSourcesBuildPhase;
			buildActionMask = 2147483647;
			files = (
				8D11072D0486CEB800E47090 /* main.mm in Sources */,
				F2CB60C10C6186AB005490ED /* MainWindow.mm in Sources */,
				F2CB60CD0C61899F005490ED /* AppController.mm in Sources */,
				F26A50AB0C80BB6D00A1C30C /* CustomizeBrowserDelegate.mm in Sources */,
				F2F0C2100C8228FA005F65C6 /* CustomizeBrowserCell.mm in Sources */,
				F2F0C3510C8239FB005F65C6 /* CustomizeBrowser.mm in Sources */,
				F2F7B2F90CA485250097C9EE /* SSHHandler.mm in Sources */,
			);
			runOnlyForDeploymentPostprocessing = 0;
		};
/* End PBXSourcesBuildPhase section */

/* Begin PBXTargetDependency section */
		F2ECD76F0D0FA4FA006D8DC6 /* PBXTargetDependency */ = {
			isa = PBXTargetDependency;
			name = libPhoneInteraction_SysMobDev;
			targetProxy = F2ECD76E0D0FA4FA006D8DC6 /* PBXContainerItemProxy */;
		};
/* End PBXTargetDependency section */

/* Begin PBXVariantGroup section */
		089C165CFE840E0CC02AAC07 /* InfoPlist.strings */ = {
			isa = PBXVariantGroup;
			children = (
				089C165DFE840E0CC02AAC07 /* English */,
			);
			name = InfoPlist.strings;
			sourceTree = "<group>";
		};
		29B97318FDCFA39411CA2CEA /* MainMenu.nib */ = {
			isa = PBXVariantGroup;
			children = (
				29B97319FDCFA39411CA2CEA /* English */,
			);
			name = MainMenu.nib;
			sourceTree = "<group>";
		};
		F29BD4EB0CC35187004A6F30 /* iNdependenceHelp */ = {
			isa = PBXVariantGroup;
			children = (
				F29BD4EC0CC35187004A6F30 /* English */,
			);
			name = iNdependenceHelp;
			sourceTree = SOURCE_ROOT;
		};
/* End PBXVariantGroup section */

/* Begin XCBuildConfiguration section */
		C01FCF4B08A954540054247B /* Debug */ = {
			isa = XCBuildConfiguration;
			buildSettings = {
				COPY_PHASE_STRIP = NO;
				FRAMEWORK_SEARCH_PATHS = (
					"$(inherited)",
					"$(FRAMEWORK_SEARCH_PATHS_QUOTED_FOR_TARGET_1)",
					"$(FRAMEWORK_SEARCH_PATHS_QUOTED_FOR_TARGET_2)",
				);
				FRAMEWORK_SEARCH_PATHS_QUOTED_FOR_TARGET_1 = "\"$(SYSTEM_LIBRARY_DIR)/PrivateFrameworks\"";
				FRAMEWORK_SEARCH_PATHS_QUOTED_FOR_TARGET_2 = "\"$(SYSTEM_LIBRARY_DIR)/PrivateFrameworks\"";
				GCC_DYNAMIC_NO_PIC = NO;
				GCC_MODEL_TUNING = G5;
				GCC_OPTIMIZATION_LEVEL = 0;
				GCC_PRECOMPILE_PREFIX_HEADER = YES;
				GCC_PREFIX_HEADER = iNdependence_Prefix.pch;
				INFOPLIST_FILE = Info.plist;
				LIBRARY_SEARCH_PATHS = (
					"$(inherited)",
					"$(LIBRARY_SEARCH_PATHS_QUOTED_1)",
					"$(LIBRARY_SEARCH_PATHS_QUOTED_2)",
					"$(LIBRARY_SEARCH_PATHS_QUOTED_FOR_TARGET_1)",
					"$(LIBRARY_SEARCH_PATHS_QUOTED_FOR_TARGET_2)",
				);
				LIBRARY_SEARCH_PATHS_QUOTED_1 = "\"$(SRCROOT)/Other Files/SSH\"";
				LIBRARY_SEARCH_PATHS_QUOTED_2 = "\"$(SRCROOT)/Other Files/SSH\"";
				LIBRARY_SEARCH_PATHS_QUOTED_FOR_TARGET_1 = "\"$(SRCROOT)/../Third Party Libraries\"";
				LIBRARY_SEARCH_PATHS_QUOTED_FOR_TARGET_2 = "\"$(SRCROOT)/../Third Party Libraries\"";
				PREBINDING = NO;
				PRODUCT_NAME = iNdependence;
				USER_HEADER_SEARCH_PATHS = "$(inherited) \"../Public Headers\"";
				WRAPPER_EXTENSION = app;
			};
			name = Debug;
		};
		C01FCF4C08A954540054247B /* Release */ = {
			isa = XCBuildConfiguration;
			buildSettings = {
				ARCHS = (
					ppc,
					i386,
				);
				COPY_PHASE_STRIP = NO;
				FRAMEWORK_SEARCH_PATHS = (
					"$(inherited)",
					"$(FRAMEWORK_SEARCH_PATHS_QUOTED_FOR_TARGET_1)",
					"$(FRAMEWORK_SEARCH_PATHS_QUOTED_FOR_TARGET_2)",
				);
				FRAMEWORK_SEARCH_PATHS_QUOTED_FOR_TARGET_1 = "\"$(SYSTEM_LIBRARY_DIR)/PrivateFrameworks\"";
				FRAMEWORK_SEARCH_PATHS_QUOTED_FOR_TARGET_2 = "\"$(SYSTEM_LIBRARY_DIR)/PrivateFrameworks\"";
				GCC_GENERATE_DEBUGGING_SYMBOLS = NO;
				GCC_MODEL_TUNING = G5;
				GCC_PRECOMPILE_PREFIX_HEADER = YES;
				GCC_PREFIX_HEADER = iNdependence_Prefix.pch;
				INFOPLIST_FILE = Info.plist;
				LIBRARY_SEARCH_PATHS = (
					"$(inherited)",
					"$(LIBRARY_SEARCH_PATHS_QUOTED_1)",
					"$(LIBRARY_SEARCH_PATHS_QUOTED_2)",
					"$(LIBRARY_SEARCH_PATHS_QUOTED_FOR_TARGET_1)",
					"$(LIBRARY_SEARCH_PATHS_QUOTED_FOR_TARGET_2)",
				);
				LIBRARY_SEARCH_PATHS_QUOTED_1 = "\"$(SRCROOT)/Other Files/SSH\"";
				LIBRARY_SEARCH_PATHS_QUOTED_2 = "\"$(SRCROOT)/Other Files/SSH\"";
				LIBRARY_SEARCH_PATHS_QUOTED_FOR_TARGET_1 = "\"$(SRCROOT)/../Third Party Libraries\"";
				LIBRARY_SEARCH_PATHS_QUOTED_FOR_TARGET_2 = "\"$(SRCROOT)/../Third Party Libraries\"";
				PREBINDING = NO;
				PRODUCT_NAME = iNdependence;
				USER_HEADER_SEARCH_PATHS = "$(inherited) \"../Public Headers\"";
				WRAPPER_EXTENSION = app;
			};
			name = Release;
		};
		C01FCF4F08A954540054247B /* Debug */ = {
			isa = XCBuildConfiguration;
			buildSettings = {
				GCC_WARN_ABOUT_RETURN_TYPE = YES;
			};
			name = Debug;
		};
		C01FCF5008A954540054247B /* Release */ = {
			isa = XCBuildConfiguration;
			buildSettings = {
				GCC_WARN_ABOUT_RETURN_TYPE = YES;
			};
			name = Release;
		};
/* End XCBuildConfiguration section */

/* Begin XCConfigurationList section */
		C01FCF4A08A954540054247B /* Build configuration list for PBXNativeTarget "iNdependence" */ = {
			isa = XCConfigurationList;
			buildConfigurations = (
				C01FCF4B08A954540054247B /* Debug */,
				C01FCF4C08A954540054247B /* Release */,
			);
			defaultConfigurationIsVisible = 0;
			defaultConfigurationName = Release;
		};
		C01FCF4E08A954540054247B /* Build configuration list for PBXProject "iNdependence" */ = {
			isa = XCConfigurationList;
			buildConfigurations = (
				C01FCF4F08A954540054247B /* Debug */,
				C01FCF5008A954540054247B /* Release */,
			);
			defaultConfigurationIsVisible = 0;
			defaultConfigurationName = Release;
		};
/* End XCConfigurationList section */
	};
	rootObject = 29B97313FDCFA39411CA2CEA /* Project object */;
}
